PODS:
  - IYLoginItem (0.1)
  - SBAutoLayout (1.1.2)
  - SBSwiftUtils (0.1.2)

DEPENDENCIES:
  - IYLoginItem
  - SBAutoLayout (from `/Users/stevebarnegren/Documents/PROJECTS/CodeProjects/SBAutoLayout/SBAutoLayout`)
  - SBSwiftUtils

EXTERNAL SOURCES:
  SBAutoLayout:
    :path: /Users/stevebarnegren/Documents/PROJECTS/CodeProjects/SBAutoLayout/SBAutoLayout

SPEC CHECKSUMS:
  IYLoginItem: e57a86b39d3b9ab0e2fc033adedae01efafd9adf
  SBAutoLayout: 66262297111842b213e7e9e861b124157116960c
  SBSwiftUtils: 0773364f5db62f09f8a3048bb05906a19dca1af6

PODFILE CHECKSUM: 61b8c716e0c72ae65aa5b8672e9dce9632645c72

COCOAPODS: 1.2.1
