// !$*UTF8*$!
{
	archiveVersion = 1;
	classes = {
	};
	objectVersion = 46;
	objects = {

/* Begin PBXBuildFile section */
		0978BEBF1EB393110023AC66 /* AppDelegate.swift in Sources */ = {isa = PBXBuildFile; fileRef = 0978BEBE1EB393110023AC66 /* AppDelegate.swift */; };
		0978BEC11EB393110023AC66 /* ViewController.swift in Sources */ = {isa = PBXBuildFile; fileRef = 0978BEC01EB393110023AC66 /* ViewController.swift */; };
		0978BEC31EB393110023AC66 /* Assets.xcassets in Resources */ = {isa = PBXBuildFile; fileRef = 0978BEC21EB393110023AC66 /* Assets.xcassets */; };
		0978BEC61EB393110023AC66 /* Main.storyboard in Resources */ = {isa = PBXBuildFile; fileRef = 0978BEC41EB393110023AC66 /* Main.storyboard */; };
		29FFD854BC8674F6F2B2DC7F /* Pods_MenuNavTests.framework in Frameworks */ = {isa = PBXBuildFile; fileRef = 480C88363C8F497977E2ABE1 /* Pods_MenuNavTests.framework */; };
		671941E71F63FB14003AB65A /* NSView+Extensions.swift in Sources */ = {isa = PBXBuildFile; fileRef = 671941E61F63FB14003AB65A /* NSView+Extensions.swift */; };
		671941EA1F63FE46003AB65A /* Colors.swift in Sources */ = {isa = PBXBuildFile; fileRef = 671941E91F63FE46003AB65A /* Colors.swift */; };
		671942001F6492B1003AB65A /* MenuBarManager.swift in Sources */ = {isa = PBXBuildFile; fileRef = 671941FF1F6492B1003AB65A /* MenuBarManager.swift */; };
		671942031F6495F6003AB65A /* RebuildManager.swift in Sources */ = {isa = PBXBuildFile; fileRef = 671942021F6495F6003AB65A /* RebuildManager.swift */; };
		671942061F649A37003AB65A /* WeakArray.swift in Sources */ = {isa = PBXBuildFile; fileRef = 671942051F649A37003AB65A /* WeakArray.swift */; };
		671942091F649D10003AB65A /* WeakArrayTests.swift in Sources */ = {isa = PBXBuildFile; fileRef = 671942081F649D10003AB65A /* WeakArrayTests.swift */; };
		6719420B1F656DE4003AB65A /* UserPreferences.swift in Sources */ = {isa = PBXBuildFile; fileRef = 6719420A1F656DE4003AB65A /* UserPreferences.swift */; };
		6719420F1F657E9B003AB65A /* SettingsTests.swift in Sources */ = {isa = PBXBuildFile; fileRef = 6719420E1F657E9B003AB65A /* SettingsTests.swift */; };
		671942111F6593D9003AB65A /* RebuildManagerTests.swift in Sources */ = {isa = PBXBuildFile; fileRef = 671942101F6593D9003AB65A /* RebuildManagerTests.swift */; };
		6724C1921F801F3B003E40D1 /* RichTextAttributes.swift in Sources */ = {isa = PBXBuildFile; fileRef = 6724C1911F801F3B003E40D1 /* RichTextAttributes.swift */; };
		6724C1951F8429CB003E40D1 /* FIleConditionFormatter.swift in Sources */ = {isa = PBXBuildFile; fileRef = 6724C1941F8429CB003E40D1 /* FIleConditionFormatter.swift */; };
		6724F5051F5699F500BFF4B5 /* PathConditionInputView.swift in Sources */ = {isa = PBXBuildFile; fileRef = 6724F5041F5699F500BFF4B5 /* PathConditionInputView.swift */; };
		6745B1991F843B32001F8C78 /* RuleLoaderTests.swift in Sources */ = {isa = PBXBuildFile; fileRef = 671942131F659A45003AB65A /* RuleLoaderTests.swift */; };
		6745B19A1F843B34001F8C78 /* MockTimerBenign.swift in Sources */ = {isa = PBXBuildFile; fileRef = 679900B51F67341200B9AC45 /* MockTimerBenign.swift */; };
		6745B19B1F843B36001F8C78 /* DictionaryKeyValueStore.swift in Sources */ = {isa = PBXBuildFile; fileRef = 671942161F659B2A003AB65A /* DictionaryKeyValueStore.swift */; };
		6748CE0A1F3B9E29002941D4 /* RuleCollectionViewItem.swift in Sources */ = {isa = PBXBuildFile; fileRef = 6748CE081F3B9E29002941D4 /* RuleCollectionViewItem.swift */; };
		6748CE0B1F3B9E29002941D4 /* RuleCollectionViewItem.xib in Resources */ = {isa = PBXBuildFile; fileRef = 6748CE091F3B9E29002941D4 /* RuleCollectionViewItem.xib */; };
		6748CE0D1F3BAB4D002941D4 /* FolderConditionFormatter.swift in Sources */ = {isa = PBXBuildFile; fileRef = 6748CE0C1F3BAB4D002941D4 /* FolderConditionFormatter.swift */; };
		6748CE131F3CBFFE002941D4 /* StringMatcher.swift in Sources */ = {isa = PBXBuildFile; fileRef = 6748CE121F3CBFFE002941D4 /* StringMatcher.swift */; };
		6748CE161F3CC083002941D4 /* PathMatcher.swift in Sources */ = {isa = PBXBuildFile; fileRef = 6748CE151F3CC083002941D4 /* PathMatcher.swift */; };
		6748CE191F3CC135002941D4 /* FolderContentsMatcher.swift in Sources */ = {isa = PBXBuildFile; fileRef = 6748CE181F3CC135002941D4 /* FolderContentsMatcher.swift */; };
		6748CE1C1F3CCC0C002941D4 /* Rule.swift in Sources */ = {isa = PBXBuildFile; fileRef = 6748CE1B1F3CCC0C002941D4 /* Rule.swift */; };
		6748CE201F3D0670002941D4 /* DecisionTree.swift in Sources */ = {isa = PBXBuildFile; fileRef = 6748CE1F1F3D0670002941D4 /* DecisionTree.swift */; };
		6748CE231F3D9EB9002941D4 /* FileCondition.swift in Sources */ = {isa = PBXBuildFile; fileRef = 6748CE221F3D9EB9002941D4 /* FileCondition.swift */; };
		6748CE261F3D9FAB002941D4 /* FolderCondition.swift in Sources */ = {isa = PBXBuildFile; fileRef = 6748CE251F3D9FAB002941D4 /* FolderCondition.swift */; };
		6748CE2A1F3DBCC4002941D4 /* RulesViewModel.swift in Sources */ = {isa = PBXBuildFile; fileRef = 6748CE291F3DBCC4002941D4 /* RulesViewModel.swift */; };
		6748CE321F3DC34E002941D4 /* StringMatcherTests.swift in Sources */ = {isa = PBXBuildFile; fileRef = 6748CE311F3DC34E002941D4 /* StringMatcherTests.swift */; };
		6748CE351F3DC79C002941D4 /* PathMatcherTests.swift in Sources */ = {isa = PBXBuildFile; fileRef = 6748CE341F3DC79C002941D4 /* PathMatcherTests.swift */; };
		6748CE381F3DC990002941D4 /* DictionaryRepresentable+Testing.swift in Sources */ = {isa = PBXBuildFile; fileRef = 6748CE371F3DC990002941D4 /* DictionaryRepresentable+Testing.swift */; };
		6748CE3C1F3DCAC7002941D4 /* FolderContentsMatcherTests.swift in Sources */ = {isa = PBXBuildFile; fileRef = 6748CE3B1F3DCAC7002941D4 /* FolderContentsMatcherTests.swift */; };
		6748CE3F1F3DDDDA002941D4 /* TestDirectoryBuilder.swift in Sources */ = {isa = PBXBuildFile; fileRef = 6748CE3E1F3DDDDA002941D4 /* TestDirectoryBuilder.swift */; };
		6748CE411F3DE1A3002941D4 /* FileConditionTests.swift in Sources */ = {isa = PBXBuildFile; fileRef = 6748CE401F3DE1A3002941D4 /* FileConditionTests.swift */; };
		6748CE441F3DE7F9002941D4 /* FolderRuleTests.swift in Sources */ = {isa = PBXBuildFile; fileRef = 6748CE431F3DE7F9002941D4 /* FolderRuleTests.swift */; };
		6748CE461F3DE8B4002941D4 /* FolderConditionTests.swift in Sources */ = {isa = PBXBuildFile; fileRef = 6748CE451F3DE8B4002941D4 /* FolderConditionTests.swift */; };
		674F95181F27A07C000A5A4E /* FileSystemObject.swift in Sources */ = {isa = PBXBuildFile; fileRef = 674F95171F27A07C000A5A4E /* FileSystemObject.swift */; };
		676B80C61F4323DF00D2C88F /* SettingsViewController.swift in Sources */ = {isa = PBXBuildFile; fileRef = 676B80C41F4323DF00D2C88F /* SettingsViewController.swift */; };
		676B80C81F4323DF00D2C88F /* SettingsViewController.xib in Resources */ = {isa = PBXBuildFile; fileRef = 676B80C51F4323DF00D2C88F /* SettingsViewController.xib */; };
		676B80C91F4323DF00D2C88F /* SettingsViewController.xib in Resources */ = {isa = PBXBuildFile; fileRef = 676B80C51F4323DF00D2C88F /* SettingsViewController.xib */; };
		679370971F27A999003E6A9A /* DictionaryRepresentable.swift in Sources */ = {isa = PBXBuildFile; fileRef = 679370961F27A999003E6A9A /* DictionaryRepresentable.swift */; };
		6793709E1F27B890003E6A9A /* Array+Extensions.swift in Sources */ = {isa = PBXBuildFile; fileRef = 6793709D1F27B890003E6A9A /* Array+Extensions.swift */; };
		679900B31F67275700B9AC45 /* Timer.swift in Sources */ = {isa = PBXBuildFile; fileRef = 679900B21F67275700B9AC45 /* Timer.swift */; };
		67A02E191EB4001A00D2A8CA /* NSImage+Extensions.swift in Sources */ = {isa = PBXBuildFile; fileRef = 67A02E181EB4001A00D2A8CA /* NSImage+Extensions.swift */; };
		67A02E1B1EB4079B00D2A8CA /* App.storyboard in Resources */ = {isa = PBXBuildFile; fileRef = 67A02E1A1EB4079B00D2A8CA /* App.storyboard */; };
		67A02E1E1EB4F21D00D2A8CA /* Settings.swift in Sources */ = {isa = PBXBuildFile; fileRef = 67A02E1D1EB4F21D00D2A8CA /* Settings.swift */; };
		67AE4A661F2CD53400E9D1FE /* FileRuleTests.swift in Sources */ = {isa = PBXBuildFile; fileRef = 67AE4A651F2CD53400E9D1FE /* FileRuleTests.swift */; };
		67AE4A711F2CE3BA00E9D1FE /* FileStructureBuilderTests.swift in Sources */ = {isa = PBXBuildFile; fileRef = 67AE4A701F2CE3BA00E9D1FE /* FileStructureBuilderTests.swift */; };
		67AE4A731F30FD2C00E9D1FE /* FolderRule.swift in Sources */ = {isa = PBXBuildFile; fileRef = 67AE4A721F30FD2C00E9D1FE /* FolderRule.swift */; };
		67B4361A1EB3DCDB003E5886 /* FileStructureBuilder.swift in Sources */ = {isa = PBXBuildFile; fileRef = 67B436191EB3DCDB003E5886 /* FileStructureBuilder.swift */; };
		67B77EFF1F3A0E9A000830EF /* ConditionPromptView.swift in Sources */ = {isa = PBXBuildFile; fileRef = 67B77EFE1F3A0E9A000830EF /* ConditionPromptView.swift */; };
		67B77F011F3A0F46000830EF /* NSTextField+Extensions.swift in Sources */ = {isa = PBXBuildFile; fileRef = 67B77F001F3A0F46000830EF /* NSTextField+Extensions.swift */; };
		67C403801F84BEDE0098A05F /* FileConditionFormatterTests.swift in Sources */ = {isa = PBXBuildFile; fileRef = 67C4037F1F84BEDE0098A05F /* FileConditionFormatterTests.swift */; };
		67C530111F3383E200D3B5FD /* RulesViewController.swift in Sources */ = {isa = PBXBuildFile; fileRef = 67C5300F1F3383E200D3B5FD /* RulesViewController.swift */; };
		67C530131F3383E200D3B5FD /* RulesViewController.xib in Resources */ = {isa = PBXBuildFile; fileRef = 67C530101F3383E200D3B5FD /* RulesViewController.xib */; };
		67C530141F3383E200D3B5FD /* RulesViewController.xib in Resources */ = {isa = PBXBuildFile; fileRef = 67C530101F3383E200D3B5FD /* RulesViewController.xib */; };
		67C5301D1F338A9400D3B5FD /* EditRuleViewController.swift in Sources */ = {isa = PBXBuildFile; fileRef = 67C5301B1F338A9400D3B5FD /* EditRuleViewController.swift */; };
		67C5301F1F338A9400D3B5FD /* EditRuleViewController.xib in Resources */ = {isa = PBXBuildFile; fileRef = 67C5301C1F338A9400D3B5FD /* EditRuleViewController.xib */; };
		67C530201F338A9400D3B5FD /* EditRuleViewController.xib in Resources */ = {isa = PBXBuildFile; fileRef = 67C5301C1F338A9400D3B5FD /* EditRuleViewController.xib */; };
		67C530251F339D1700D3B5FD /* ConditionEditorView.swift in Sources */ = {isa = PBXBuildFile; fileRef = 67C530241F339D1700D3B5FD /* ConditionEditorView.swift */; };
		67F5F1711F2A3DB700483F57 /* StringRepresentable.swift in Sources */ = {isa = PBXBuildFile; fileRef = 67F5F1701F2A3DB700483F57 /* StringRepresentable.swift */; };
		67FAAAD61EB79ADE00224C24 /* FileRule.swift in Sources */ = {isa = PBXBuildFile; fileRef = 67FAAAD51EB79ADE00224C24 /* FileRule.swift */; };
		EDCEB08F82E917D13DEF915D /* Pods_MenuNav.framework in Frameworks */ = {isa = PBXBuildFile; fileRef = 3D1F7D33AD80C55EA1FDA055 /* Pods_MenuNav.framework */; };
/* End PBXBuildFile section */

/* Begin PBXContainerItemProxy section */
		0978BECD1EB393110023AC66 /* PBXContainerItemProxy */ = {
			isa = PBXContainerItemProxy;
			containerPortal = 0978BEB31EB393110023AC66 /* Project object */;
			proxyType = 1;
			remoteGlobalIDString = 0978BEBA1EB393110023AC66;
			remoteInfo = MenuNav;
		};
/* End PBXContainerItemProxy section */

/* Begin PBXFileReference section */
		0978BEBB1EB393110023AC66 /* MenuNav.app */ = {isa = PBXFileReference; explicitFileType = wrapper.application; includeInIndex = 0; path = MenuNav.app; sourceTree = BUILT_PRODUCTS_DIR; };
		0978BEBE1EB393110023AC66 /* AppDelegate.swift */ = {isa = PBXFileReference; lastKnownFileType = sourcecode.swift; path = AppDelegate.swift; sourceTree = "<group>"; };
		0978BEC01EB393110023AC66 /* ViewController.swift */ = {isa = PBXFileReference; lastKnownFileType = sourcecode.swift; path = ViewController.swift; sourceTree = "<group>"; };
		0978BEC21EB393110023AC66 /* Assets.xcassets */ = {isa = PBXFileReference; lastKnownFileType = folder.assetcatalog; path = Assets.xcassets; sourceTree = "<group>"; };
		0978BEC51EB393110023AC66 /* Base */ = {isa = PBXFileReference; lastKnownFileType = file.storyboard; name = Base; path = Base.lproj/Main.storyboard; sourceTree = "<group>"; };
		0978BEC71EB393110023AC66 /* Info.plist */ = {isa = PBXFileReference; lastKnownFileType = text.plist.xml; path = Info.plist; sourceTree = "<group>"; };
		0978BECC1EB393110023AC66 /* MenuNavTests.xctest */ = {isa = PBXFileReference; explicitFileType = wrapper.cfbundle; includeInIndex = 0; path = MenuNavTests.xctest; sourceTree = BUILT_PRODUCTS_DIR; };
		0978BED21EB393110023AC66 /* Info.plist */ = {isa = PBXFileReference; lastKnownFileType = text.plist.xml; path = Info.plist; sourceTree = "<group>"; };
		3D1F7D33AD80C55EA1FDA055 /* Pods_MenuNav.framework */ = {isa = PBXFileReference; explicitFileType = wrapper.framework; includeInIndex = 0; path = Pods_MenuNav.framework; sourceTree = BUILT_PRODUCTS_DIR; };
		3E2CB3F412642EAF9E03D2F4 /* Pods-MenuNavTests.release.xcconfig */ = {isa = PBXFileReference; includeInIndex = 1; lastKnownFileType = text.xcconfig; name = "Pods-MenuNavTests.release.xcconfig"; path = "Pods/Target Support Files/Pods-MenuNavTests/Pods-MenuNavTests.release.xcconfig"; sourceTree = "<group>"; };
		480C88363C8F497977E2ABE1 /* Pods_MenuNavTests.framework */ = {isa = PBXFileReference; explicitFileType = wrapper.framework; includeInIndex = 0; path = Pods_MenuNavTests.framework; sourceTree = BUILT_PRODUCTS_DIR; };
		4E11CAD15A51A6877066995D /* Pods-MenuNav.debug.xcconfig */ = {isa = PBXFileReference; includeInIndex = 1; lastKnownFileType = text.xcconfig; name = "Pods-MenuNav.debug.xcconfig"; path = "Pods/Target Support Files/Pods-MenuNav/Pods-MenuNav.debug.xcconfig"; sourceTree = "<group>"; };
		671941E61F63FB14003AB65A /* NSView+Extensions.swift */ = {isa = PBXFileReference; fileEncoding = 4; lastKnownFileType = sourcecode.swift; path = "NSView+Extensions.swift"; sourceTree = "<group>"; };
		671941E91F63FE46003AB65A /* Colors.swift */ = {isa = PBXFileReference; fileEncoding = 4; lastKnownFileType = sourcecode.swift; path = Colors.swift; sourceTree = "<group>"; };
		671941FF1F6492B1003AB65A /* MenuBarManager.swift */ = {isa = PBXFileReference; fileEncoding = 4; lastKnownFileType = sourcecode.swift; path = MenuBarManager.swift; sourceTree = "<group>"; };
		671942021F6495F6003AB65A /* RebuildManager.swift */ = {isa = PBXFileReference; fileEncoding = 4; lastKnownFileType = sourcecode.swift; path = RebuildManager.swift; sourceTree = "<group>"; };
		671942051F649A37003AB65A /* WeakArray.swift */ = {isa = PBXFileReference; fileEncoding = 4; lastKnownFileType = sourcecode.swift; path = WeakArray.swift; sourceTree = "<group>"; };
		671942081F649D10003AB65A /* WeakArrayTests.swift */ = {isa = PBXFileReference; fileEncoding = 4; lastKnownFileType = sourcecode.swift; path = WeakArrayTests.swift; sourceTree = "<group>"; };
		6719420A1F656DE4003AB65A /* UserPreferences.swift */ = {isa = PBXFileReference; fileEncoding = 4; lastKnownFileType = sourcecode.swift; path = UserPreferences.swift; sourceTree = "<group>"; };
		6719420E1F657E9B003AB65A /* SettingsTests.swift */ = {isa = PBXFileReference; fileEncoding = 4; lastKnownFileType = sourcecode.swift; path = SettingsTests.swift; sourceTree = "<group>"; };
		671942101F6593D9003AB65A /* RebuildManagerTests.swift */ = {isa = PBXFileReference; fileEncoding = 4; lastKnownFileType = sourcecode.swift; path = RebuildManagerTests.swift; sourceTree = "<group>"; };
		671942131F659A45003AB65A /* RuleLoaderTests.swift */ = {isa = PBXFileReference; fileEncoding = 4; lastKnownFileType = sourcecode.swift; path = RuleLoaderTests.swift; sourceTree = "<group>"; };
		671942161F659B2A003AB65A /* DictionaryKeyValueStore.swift */ = {isa = PBXFileReference; fileEncoding = 4; lastKnownFileType = sourcecode.swift; path = DictionaryKeyValueStore.swift; sourceTree = "<group>"; };
		6724C1911F801F3B003E40D1 /* RichTextAttributes.swift */ = {isa = PBXFileReference; lastKnownFileType = sourcecode.swift; path = RichTextAttributes.swift; sourceTree = "<group>"; };
		6724C1941F8429CB003E40D1 /* FIleConditionFormatter.swift */ = {isa = PBXFileReference; lastKnownFileType = sourcecode.swift; path = FIleConditionFormatter.swift; sourceTree = "<group>"; };
		6724F5041F5699F500BFF4B5 /* PathConditionInputView.swift */ = {isa = PBXFileReference; fileEncoding = 4; lastKnownFileType = sourcecode.swift; path = PathConditionInputView.swift; sourceTree = "<group>"; };
		6748CE081F3B9E29002941D4 /* RuleCollectionViewItem.swift */ = {isa = PBXFileReference; fileEncoding = 4; lastKnownFileType = sourcecode.swift; path = RuleCollectionViewItem.swift; sourceTree = "<group>"; };
		6748CE091F3B9E29002941D4 /* RuleCollectionViewItem.xib */ = {isa = PBXFileReference; fileEncoding = 4; lastKnownFileType = file.xib; path = RuleCollectionViewItem.xib; sourceTree = "<group>"; };
		6748CE0C1F3BAB4D002941D4 /* FolderConditionFormatter.swift */ = {isa = PBXFileReference; fileEncoding = 4; lastKnownFileType = sourcecode.swift; path = FolderConditionFormatter.swift; sourceTree = "<group>"; };
		6748CE121F3CBFFE002941D4 /* StringMatcher.swift */ = {isa = PBXFileReference; fileEncoding = 4; lastKnownFileType = sourcecode.swift; path = StringMatcher.swift; sourceTree = "<group>"; };
		6748CE151F3CC083002941D4 /* PathMatcher.swift */ = {isa = PBXFileReference; fileEncoding = 4; lastKnownFileType = sourcecode.swift; path = PathMatcher.swift; sourceTree = "<group>"; };
		6748CE181F3CC135002941D4 /* FolderContentsMatcher.swift */ = {isa = PBXFileReference; fileEncoding = 4; lastKnownFileType = sourcecode.swift; path = FolderContentsMatcher.swift; sourceTree = "<group>"; };
		6748CE1B1F3CCC0C002941D4 /* Rule.swift */ = {isa = PBXFileReference; fileEncoding = 4; lastKnownFileType = sourcecode.swift; path = Rule.swift; sourceTree = "<group>"; };
		6748CE1F1F3D0670002941D4 /* DecisionTree.swift */ = {isa = PBXFileReference; fileEncoding = 4; lastKnownFileType = sourcecode.swift; path = DecisionTree.swift; sourceTree = "<group>"; };
		6748CE221F3D9EB9002941D4 /* FileCondition.swift */ = {isa = PBXFileReference; fileEncoding = 4; lastKnownFileType = sourcecode.swift; path = FileCondition.swift; sourceTree = "<group>"; };
		6748CE251F3D9FAB002941D4 /* FolderCondition.swift */ = {isa = PBXFileReference; fileEncoding = 4; lastKnownFileType = sourcecode.swift; path = FolderCondition.swift; sourceTree = "<group>"; };
		6748CE291F3DBCC4002941D4 /* RulesViewModel.swift */ = {isa = PBXFileReference; fileEncoding = 4; lastKnownFileType = sourcecode.swift; path = RulesViewModel.swift; sourceTree = "<group>"; };
		6748CE311F3DC34E002941D4 /* StringMatcherTests.swift */ = {isa = PBXFileReference; fileEncoding = 4; lastKnownFileType = sourcecode.swift; path = StringMatcherTests.swift; sourceTree = "<group>"; };
		6748CE341F3DC79C002941D4 /* PathMatcherTests.swift */ = {isa = PBXFileReference; fileEncoding = 4; lastKnownFileType = sourcecode.swift; path = PathMatcherTests.swift; sourceTree = "<group>"; };
		6748CE371F3DC990002941D4 /* DictionaryRepresentable+Testing.swift */ = {isa = PBXFileReference; fileEncoding = 4; lastKnownFileType = sourcecode.swift; path = "DictionaryRepresentable+Testing.swift"; sourceTree = "<group>"; };
		6748CE3B1F3DCAC7002941D4 /* FolderContentsMatcherTests.swift */ = {isa = PBXFileReference; fileEncoding = 4; lastKnownFileType = sourcecode.swift; path = FolderContentsMatcherTests.swift; sourceTree = "<group>"; };
		6748CE3E1F3DDDDA002941D4 /* TestDirectoryBuilder.swift */ = {isa = PBXFileReference; fileEncoding = 4; lastKnownFileType = sourcecode.swift; path = TestDirectoryBuilder.swift; sourceTree = "<group>"; };
		6748CE401F3DE1A3002941D4 /* FileConditionTests.swift */ = {isa = PBXFileReference; fileEncoding = 4; lastKnownFileType = sourcecode.swift; path = FileConditionTests.swift; sourceTree = "<group>"; };
		6748CE431F3DE7F9002941D4 /* FolderRuleTests.swift */ = {isa = PBXFileReference; fileEncoding = 4; lastKnownFileType = sourcecode.swift; path = FolderRuleTests.swift; sourceTree = "<group>"; };
		6748CE451F3DE8B4002941D4 /* FolderConditionTests.swift */ = {isa = PBXFileReference; fileEncoding = 4; lastKnownFileType = sourcecode.swift; path = FolderConditionTests.swift; sourceTree = "<group>"; };
		674F95171F27A07C000A5A4E /* FileSystemObject.swift */ = {isa = PBXFileReference; fileEncoding = 4; lastKnownFileType = sourcecode.swift; path = FileSystemObject.swift; sourceTree = "<group>"; };
		676B80C41F4323DF00D2C88F /* SettingsViewController.swift */ = {isa = PBXFileReference; fileEncoding = 4; lastKnownFileType = sourcecode.swift; path = SettingsViewController.swift; sourceTree = "<group>"; };
		676B80C51F4323DF00D2C88F /* SettingsViewController.xib */ = {isa = PBXFileReference; fileEncoding = 4; lastKnownFileType = file.xib; path = SettingsViewController.xib; sourceTree = "<group>"; };
		679370961F27A999003E6A9A /* DictionaryRepresentable.swift */ = {isa = PBXFileReference; fileEncoding = 4; lastKnownFileType = sourcecode.swift; path = DictionaryRepresentable.swift; sourceTree = "<group>"; };
		6793709D1F27B890003E6A9A /* Array+Extensions.swift */ = {isa = PBXFileReference; fileEncoding = 4; lastKnownFileType = sourcecode.swift; path = "Array+Extensions.swift"; sourceTree = "<group>"; };
		679900B21F67275700B9AC45 /* Timer.swift */ = {isa = PBXFileReference; fileEncoding = 4; lastKnownFileType = sourcecode.swift; path = Timer.swift; sourceTree = "<group>"; };
		679900B51F67341200B9AC45 /* MockTimerBenign.swift */ = {isa = PBXFileReference; fileEncoding = 4; lastKnownFileType = sourcecode.swift; path = MockTimerBenign.swift; sourceTree = "<group>"; };
		67A02E181EB4001A00D2A8CA /* NSImage+Extensions.swift */ = {isa = PBXFileReference; fileEncoding = 4; lastKnownFileType = sourcecode.swift; path = "NSImage+Extensions.swift"; sourceTree = "<group>"; };
		67A02E1A1EB4079B00D2A8CA /* App.storyboard */ = {isa = PBXFileReference; fileEncoding = 4; lastKnownFileType = file.storyboard; path = App.storyboard; sourceTree = "<group>"; };
		67A02E1D1EB4F21D00D2A8CA /* Settings.swift */ = {isa = PBXFileReference; fileEncoding = 4; lastKnownFileType = sourcecode.swift; path = Settings.swift; sourceTree = "<group>"; };
		67AE4A651F2CD53400E9D1FE /* FileRuleTests.swift */ = {isa = PBXFileReference; fileEncoding = 4; lastKnownFileType = sourcecode.swift; path = FileRuleTests.swift; sourceTree = "<group>"; };
		67AE4A701F2CE3BA00E9D1FE /* FileStructureBuilderTests.swift */ = {isa = PBXFileReference; fileEncoding = 4; lastKnownFileType = sourcecode.swift; path = FileStructureBuilderTests.swift; sourceTree = "<group>"; };
		67AE4A721F30FD2C00E9D1FE /* FolderRule.swift */ = {isa = PBXFileReference; fileEncoding = 4; lastKnownFileType = sourcecode.swift; path = FolderRule.swift; sourceTree = "<group>"; };
		67B436191EB3DCDB003E5886 /* FileStructureBuilder.swift */ = {isa = PBXFileReference; fileEncoding = 4; lastKnownFileType = sourcecode.swift; path = FileStructureBuilder.swift; sourceTree = "<group>"; };
		67B77EFE1F3A0E9A000830EF /* ConditionPromptView.swift */ = {isa = PBXFileReference; fileEncoding = 4; lastKnownFileType = sourcecode.swift; path = ConditionPromptView.swift; sourceTree = "<group>"; };
		67B77F001F3A0F46000830EF /* NSTextField+Extensions.swift */ = {isa = PBXFileReference; fileEncoding = 4; lastKnownFileType = sourcecode.swift; path = "NSTextField+Extensions.swift"; sourceTree = "<group>"; };
		67C4037F1F84BEDE0098A05F /* FileConditionFormatterTests.swift */ = {isa = PBXFileReference; lastKnownFileType = sourcecode.swift; path = FileConditionFormatterTests.swift; sourceTree = "<group>"; };
		67C5300F1F3383E200D3B5FD /* RulesViewController.swift */ = {isa = PBXFileReference; fileEncoding = 4; lastKnownFileType = sourcecode.swift; path = RulesViewController.swift; sourceTree = "<group>"; };
		67C530101F3383E200D3B5FD /* RulesViewController.xib */ = {isa = PBXFileReference; fileEncoding = 4; lastKnownFileType = file.xib; path = RulesViewController.xib; sourceTree = "<group>"; };
		67C5301B1F338A9400D3B5FD /* EditRuleViewController.swift */ = {isa = PBXFileReference; fileEncoding = 4; lastKnownFileType = sourcecode.swift; path = EditRuleViewController.swift; sourceTree = "<group>"; };
		67C5301C1F338A9400D3B5FD /* EditRuleViewController.xib */ = {isa = PBXFileReference; fileEncoding = 4; lastKnownFileType = file.xib; path = EditRuleViewController.xib; sourceTree = "<group>"; };
		67C530241F339D1700D3B5FD /* ConditionEditorView.swift */ = {isa = PBXFileReference; fileEncoding = 4; lastKnownFileType = sourcecode.swift; path = ConditionEditorView.swift; sourceTree = "<group>"; };
		67F5F1701F2A3DB700483F57 /* StringRepresentable.swift */ = {isa = PBXFileReference; fileEncoding = 4; lastKnownFileType = sourcecode.swift; path = StringRepresentable.swift; sourceTree = "<group>"; };
		67FAAAD51EB79ADE00224C24 /* FileRule.swift */ = {isa = PBXFileReference; fileEncoding = 4; lastKnownFileType = sourcecode.swift; path = FileRule.swift; sourceTree = "<group>"; };
		AB12359BFC8B335D00E0DEAC /* Pods-MenuNav.release.xcconfig */ = {isa = PBXFileReference; includeInIndex = 1; lastKnownFileType = text.xcconfig; name = "Pods-MenuNav.release.xcconfig"; path = "Pods/Target Support Files/Pods-MenuNav/Pods-MenuNav.release.xcconfig"; sourceTree = "<group>"; };
		B81A077AF79BAA7A75A6EA01 /* Pods-MenuNavTests.debug.xcconfig */ = {isa = PBXFileReference; includeInIndex = 1; lastKnownFileType = text.xcconfig; name = "Pods-MenuNavTests.debug.xcconfig"; path = "Pods/Target Support Files/Pods-MenuNavTests/Pods-MenuNavTests.debug.xcconfig"; sourceTree = "<group>"; };
/* End PBXFileReference section */

/* Begin PBXFrameworksBuildPhase section */
		0978BEB81EB393110023AC66 /* Frameworks */ = {
			isa = PBXFrameworksBuildPhase;
			buildActionMask = 2147483647;
			files = (
				EDCEB08F82E917D13DEF915D /* Pods_MenuNav.framework in Frameworks */,
			);
			runOnlyForDeploymentPostprocessing = 0;
		};
		0978BEC91EB393110023AC66 /* Frameworks */ = {
			isa = PBXFrameworksBuildPhase;
			buildActionMask = 2147483647;
			files = (
				29FFD854BC8674F6F2B2DC7F /* Pods_MenuNavTests.framework in Frameworks */,
			);
			runOnlyForDeploymentPostprocessing = 0;
		};
/* End PBXFrameworksBuildPhase section */

/* Begin PBXGroup section */
		0978BEB21EB393110023AC66 = {
			isa = PBXGroup;
			children = (
				0978BEBD1EB393110023AC66 /* MenuNav */,
				0978BECF1EB393110023AC66 /* MenuNavTests */,
				0978BEBC1EB393110023AC66 /* Products */,
				D075667EEC942CB0D78B84E8 /* Pods */,
				5F0A09564D9A7EDC6AED66FA /* Frameworks */,
			);
			sourceTree = "<group>";
		};
		0978BEBC1EB393110023AC66 /* Products */ = {
			isa = PBXGroup;
			children = (
				0978BEBB1EB393110023AC66 /* MenuNav.app */,
				0978BECC1EB393110023AC66 /* MenuNavTests.xctest */,
			);
			name = Products;
			sourceTree = "<group>";
		};
		0978BEBD1EB393110023AC66 /* MenuNav */ = {
			isa = PBXGroup;
			children = (
				0978BEBE1EB393110023AC66 /* AppDelegate.swift */,
				671941FF1F6492B1003AB65A /* MenuBarManager.swift */,
				67B77EFE1F3A0E9A000830EF /* ConditionPromptView.swift */,
				671942021F6495F6003AB65A /* RebuildManager.swift */,
				6719420A1F656DE4003AB65A /* UserPreferences.swift */,
				679900B21F67275700B9AC45 /* Timer.swift */,
				679370951F27A93B003E6A9A /* Protocols */,
				67B4361C1EB3E88C003E5886 /* Utils */,
				67A02E1C1EB4F1FB00D2A8CA /* Settings */,
				67B436181EB3DC9F003E5886 /* FileSystem */,
				67FAAAD21EB724CD00224C24 /* AppPanel */,
				0978BEC21EB393110023AC66 /* Assets.xcassets */,
				0978BEC41EB393110023AC66 /* Main.storyboard */,
				0978BEC71EB393110023AC66 /* Info.plist */,
			);
			path = MenuNav;
			sourceTree = "<group>";
		};
		0978BECF1EB393110023AC66 /* MenuNavTests */ = {
			isa = PBXGroup;
			children = (
				671942151F659B0F003AB65A /* Supporting */,
				671942121F659A1D003AB65A /* Rule Loader */,
				6748CE361F3DC980002941D4 /* Utils */,
				6719420D1F657E84003AB65A /* Settings */,
				6748CE331F3DC353002941D4 /* Matchers */,
				6748CE3D1F3DDCD7002941D4 /* File Rules */,
				6748CE421F3DE7DD002941D4 /* Folder Rules */,
				67AE4A701F2CE3BA00E9D1FE /* FileStructureBuilderTests.swift */,
				671942101F6593D9003AB65A /* RebuildManagerTests.swift */,
				0978BED21EB393110023AC66 /* Info.plist */,
			);
			path = MenuNavTests;
			sourceTree = "<group>";
		};
		5F0A09564D9A7EDC6AED66FA /* Frameworks */ = {
			isa = PBXGroup;
			children = (
				3D1F7D33AD80C55EA1FDA055 /* Pods_MenuNav.framework */,
				480C88363C8F497977E2ABE1 /* Pods_MenuNavTests.framework */,
			);
			name = Frameworks;
			sourceTree = "<group>";
		};
		6719420D1F657E84003AB65A /* Settings */ = {
			isa = PBXGroup;
			children = (
				6719420E1F657E9B003AB65A /* SettingsTests.swift */,
			);
			name = Settings;
			sourceTree = "<group>";
		};
		671942121F659A1D003AB65A /* Rule Loader */ = {
			isa = PBXGroup;
			children = (
				671942131F659A45003AB65A /* RuleLoaderTests.swift */,
			);
			name = "Rule Loader";
			sourceTree = "<group>";
		};
		671942151F659B0F003AB65A /* Supporting */ = {
			isa = PBXGroup;
			children = (
				671942161F659B2A003AB65A /* DictionaryKeyValueStore.swift */,
				679900B51F67341200B9AC45 /* MockTimerBenign.swift */,
			);
			name = Supporting;
			sourceTree = "<group>";
		};
		6748CE0F1F3CBFBA002941D4 /* Folder Rule */ = {
			isa = PBXGroup;
			children = (
				67AE4A721F30FD2C00E9D1FE /* FolderRule.swift */,
				6748CE251F3D9FAB002941D4 /* FolderCondition.swift */,
				6748CE0C1F3BAB4D002941D4 /* FolderConditionFormatter.swift */,
			);
			name = "Folder Rule";
			sourceTree = "<group>";
		};
		6748CE101F3CBFD1002941D4 /* File Rule */ = {
			isa = PBXGroup;
			children = (
				67FAAAD51EB79ADE00224C24 /* FileRule.swift */,
				6748CE221F3D9EB9002941D4 /* FileCondition.swift */,
				6724C1941F8429CB003E40D1 /* FIleConditionFormatter.swift */,
			);
			name = "File Rule";
			sourceTree = "<group>";
		};
		6748CE111F3CBFEC002941D4 /* Matchers */ = {
			isa = PBXGroup;
			children = (
				6748CE151F3CC083002941D4 /* PathMatcher.swift */,
				6748CE121F3CBFFE002941D4 /* StringMatcher.swift */,
				6748CE181F3CC135002941D4 /* FolderContentsMatcher.swift */,
			);
			name = Matchers;
			sourceTree = "<group>";
		};
		6748CE1E1F3D0649002941D4 /* Decision Tree */ = {
			isa = PBXGroup;
			children = (
				6748CE1F1F3D0670002941D4 /* DecisionTree.swift */,
			);
			name = "Decision Tree";
			sourceTree = "<group>";
		};
		6748CE281F3DB57F002941D4 /* File Structure Builder */ = {
			isa = PBXGroup;
			children = (
				674F95171F27A07C000A5A4E /* FileSystemObject.swift */,
				67B436191EB3DCDB003E5886 /* FileStructureBuilder.swift */,
			);
			name = "File Structure Builder";
			sourceTree = "<group>";
		};
		6748CE331F3DC353002941D4 /* Matchers */ = {
			isa = PBXGroup;
			children = (
				6748CE311F3DC34E002941D4 /* StringMatcherTests.swift */,
				6748CE341F3DC79C002941D4 /* PathMatcherTests.swift */,
				6748CE3B1F3DCAC7002941D4 /* FolderContentsMatcherTests.swift */,
			);
			name = Matchers;
			sourceTree = "<group>";
		};
		6748CE361F3DC980002941D4 /* Utils */ = {
			isa = PBXGroup;
			children = (
				6748CE371F3DC990002941D4 /* DictionaryRepresentable+Testing.swift */,
				6748CE3E1F3DDDDA002941D4 /* TestDirectoryBuilder.swift */,
				671942081F649D10003AB65A /* WeakArrayTests.swift */,
			);
			name = Utils;
			sourceTree = "<group>";
		};
		6748CE3D1F3DDCD7002941D4 /* File Rules */ = {
			isa = PBXGroup;
			children = (
				67AE4A651F2CD53400E9D1FE /* FileRuleTests.swift */,
				6748CE401F3DE1A3002941D4 /* FileConditionTests.swift */,
				67C4037F1F84BEDE0098A05F /* FileConditionFormatterTests.swift */,
			);
			name = "File Rules";
			sourceTree = "<group>";
		};
		6748CE421F3DE7DD002941D4 /* Folder Rules */ = {
			isa = PBXGroup;
			children = (
				6748CE431F3DE7F9002941D4 /* FolderRuleTests.swift */,
				6748CE451F3DE8B4002941D4 /* FolderConditionTests.swift */,
			);
			name = "Folder Rules";
			sourceTree = "<group>";
		};
		676B80C31F4323B300D2C88F /* Settings */ = {
			isa = PBXGroup;
			children = (
				676B80C41F4323DF00D2C88F /* SettingsViewController.swift */,
				676B80C51F4323DF00D2C88F /* SettingsViewController.xib */,
			);
			name = Settings;
			sourceTree = "<group>";
		};
		6773F2CB1F3A168300AFE89A /* Edit Rules */ = {
			isa = PBXGroup;
			children = (
				67C5301B1F338A9400D3B5FD /* EditRuleViewController.swift */,
				67C5301C1F338A9400D3B5FD /* EditRuleViewController.xib */,
				67C530241F339D1700D3B5FD /* ConditionEditorView.swift */,
				6724F5041F5699F500BFF4B5 /* PathConditionInputView.swift */,
			);
			name = "Edit Rules";
			sourceTree = "<group>";
		};
		679370951F27A93B003E6A9A /* Protocols */ = {
			isa = PBXGroup;
			children = (
				679370961F27A999003E6A9A /* DictionaryRepresentable.swift */,
				67F5F1701F2A3DB700483F57 /* StringRepresentable.swift */,
			);
			name = Protocols;
			path = MenuNav/Protocols;
			sourceTree = SOURCE_ROOT;
		};
		67A02E1C1EB4F1FB00D2A8CA /* Settings */ = {
			isa = PBXGroup;
			children = (
				67A02E1D1EB4F21D00D2A8CA /* Settings.swift */,
			);
			name = Settings;
			sourceTree = "<group>";
		};
		67AE4A751F311C4D00E9D1FE /* Main */ = {
			isa = PBXGroup;
			children = (
				0978BEC01EB393110023AC66 /* ViewController.swift */,
			);
			name = Main;
			sourceTree = "<group>";
		};
		67B436181EB3DC9F003E5886 /* FileSystem */ = {
			isa = PBXGroup;
			children = (
				6748CE1E1F3D0649002941D4 /* Decision Tree */,
				67C530001F3375D100D3B5FD /* Rules */,
				6748CE281F3DB57F002941D4 /* File Structure Builder */,
			);
			name = FileSystem;
			sourceTree = "<group>";
		};
		67B4361C1EB3E88C003E5886 /* Utils */ = {
			isa = PBXGroup;
			children = (
				6793709D1F27B890003E6A9A /* Array+Extensions.swift */,
				67A02E181EB4001A00D2A8CA /* NSImage+Extensions.swift */,
				67B77F001F3A0F46000830EF /* NSTextField+Extensions.swift */,
				671941E61F63FB14003AB65A /* NSView+Extensions.swift */,
				671941E91F63FE46003AB65A /* Colors.swift */,
				671942051F649A37003AB65A /* WeakArray.swift */,
				6724C1911F801F3B003E40D1 /* RichTextAttributes.swift */,
			);
			name = Utils;
			sourceTree = "<group>";
		};
		67C530001F3375D100D3B5FD /* Rules */ = {
			isa = PBXGroup;
			children = (
				6748CE1B1F3CCC0C002941D4 /* Rule.swift */,
				6748CE111F3CBFEC002941D4 /* Matchers */,
				6748CE101F3CBFD1002941D4 /* File Rule */,
				6748CE0F1F3CBFBA002941D4 /* Folder Rule */,
			);
			name = Rules;
			sourceTree = "<group>";
		};
		67C5300E1F3383BE00D3B5FD /* Rules */ = {
			isa = PBXGroup;
			children = (
				6748CE291F3DBCC4002941D4 /* RulesViewModel.swift */,
				67C5300F1F3383E200D3B5FD /* RulesViewController.swift */,
				67C530101F3383E200D3B5FD /* RulesViewController.xib */,
				6748CE081F3B9E29002941D4 /* RuleCollectionViewItem.swift */,
				6748CE091F3B9E29002941D4 /* RuleCollectionViewItem.xib */,
			);
			name = Rules;
			sourceTree = "<group>";
		};
		67FAAAD21EB724CD00224C24 /* AppPanel */ = {
			isa = PBXGroup;
			children = (
				67A02E1A1EB4079B00D2A8CA /* App.storyboard */,
				67AE4A751F311C4D00E9D1FE /* Main */,
				67C5300E1F3383BE00D3B5FD /* Rules */,
				6773F2CB1F3A168300AFE89A /* Edit Rules */,
				676B80C31F4323B300D2C88F /* Settings */,
			);
			name = AppPanel;
			sourceTree = "<group>";
		};
		D075667EEC942CB0D78B84E8 /* Pods */ = {
			isa = PBXGroup;
			children = (
				4E11CAD15A51A6877066995D /* Pods-MenuNav.debug.xcconfig */,
				AB12359BFC8B335D00E0DEAC /* Pods-MenuNav.release.xcconfig */,
				B81A077AF79BAA7A75A6EA01 /* Pods-MenuNavTests.debug.xcconfig */,
				3E2CB3F412642EAF9E03D2F4 /* Pods-MenuNavTests.release.xcconfig */,
			);
			name = Pods;
			sourceTree = "<group>";
		};
/* End PBXGroup section */

/* Begin PBXNativeTarget section */
		0978BEBA1EB393110023AC66 /* MenuNav */ = {
			isa = PBXNativeTarget;
			buildConfigurationList = 0978BED51EB393110023AC66 /* Build configuration list for PBXNativeTarget "MenuNav" */;
			buildPhases = (
				1C27E10F1B47F5150283B284 /* [CP] Check Pods Manifest.lock */,
				0978BEB71EB393110023AC66 /* Sources */,
				0978BEB81EB393110023AC66 /* Frameworks */,
				0978BEB91EB393110023AC66 /* Resources */,
				C2C6068E52F759506F68F29F /* [CP] Embed Pods Frameworks */,
				DFAEE66167022AAC64307EEC /* [CP] Copy Pods Resources */,
				676EBA371F71BFFB00913347 /* Run Swift Lint */,
			);
			buildRules = (
			);
			dependencies = (
			);
			name = MenuNav;
			productName = MenuNav;
			productReference = 0978BEBB1EB393110023AC66 /* MenuNav.app */;
			productType = "com.apple.product-type.application";
		};
		0978BECB1EB393110023AC66 /* MenuNavTests */ = {
			isa = PBXNativeTarget;
			buildConfigurationList = 0978BED81EB393110023AC66 /* Build configuration list for PBXNativeTarget "MenuNavTests" */;
			buildPhases = (
				73D32AE5914B6D8274919F26 /* [CP] Check Pods Manifest.lock */,
				0978BEC81EB393110023AC66 /* Sources */,
				0978BEC91EB393110023AC66 /* Frameworks */,
				0978BECA1EB393110023AC66 /* Resources */,
				88B1C77EE9CF57AA8BB79086 /* [CP] Embed Pods Frameworks */,
				F45146C88229AF50139AD86F /* [CP] Copy Pods Resources */,
				676EBA361F71BFA900913347 /* Run Swift Lint */,
			);
			buildRules = (
			);
			dependencies = (
				0978BECE1EB393110023AC66 /* PBXTargetDependency */,
			);
			name = MenuNavTests;
			productName = MenuNavTests;
			productReference = 0978BECC1EB393110023AC66 /* MenuNavTests.xctest */;
			productType = "com.apple.product-type.bundle.unit-test";
		};
/* End PBXNativeTarget section */

/* Begin PBXProject section */
		0978BEB31EB393110023AC66 /* Project object */ = {
			isa = PBXProject;
			attributes = {
				LastSwiftUpdateCheck = 0830;
				LastUpgradeCheck = 0900;
				ORGANIZATIONNAME = SteveBarnegren;
				TargetAttributes = {
					0978BEBA1EB393110023AC66 = {
						CreatedOnToolsVersion = 8.3;
						DevelopmentTeam = X7HC96WDW9;
						LastSwiftMigration = 0900;
						ProvisioningStyle = Automatic;
					};
					0978BECB1EB393110023AC66 = {
						CreatedOnToolsVersion = 8.3;
						DevelopmentTeam = X7HC96WDW9;
						LastSwiftMigration = 0900;
						ProvisioningStyle = Automatic;
						TestTargetID = 0978BEBA1EB393110023AC66;
					};
				};
			};
			buildConfigurationList = 0978BEB61EB393110023AC66 /* Build configuration list for PBXProject "MenuNav" */;
			compatibilityVersion = "Xcode 3.2";
			developmentRegion = English;
			hasScannedForEncodings = 0;
			knownRegions = (
				en,
				Base,
			);
			mainGroup = 0978BEB21EB393110023AC66;
			productRefGroup = 0978BEBC1EB393110023AC66 /* Products */;
			projectDirPath = "";
			projectRoot = "";
			targets = (
				0978BEBA1EB393110023AC66 /* MenuNav */,
				0978BECB1EB393110023AC66 /* MenuNavTests */,
			);
		};
/* End PBXProject section */

/* Begin PBXResourcesBuildPhase section */
		0978BEB91EB393110023AC66 /* Resources */ = {
			isa = PBXResourcesBuildPhase;
			buildActionMask = 2147483647;
			files = (
				67C530131F3383E200D3B5FD /* RulesViewController.xib in Resources */,
				0978BEC31EB393110023AC66 /* Assets.xcassets in Resources */,
				67C5301F1F338A9400D3B5FD /* EditRuleViewController.xib in Resources */,
				0978BEC61EB393110023AC66 /* Main.storyboard in Resources */,
				67A02E1B1EB4079B00D2A8CA /* App.storyboard in Resources */,
				676B80C81F4323DF00D2C88F /* SettingsViewController.xib in Resources */,
				6748CE0B1F3B9E29002941D4 /* RuleCollectionViewItem.xib in Resources */,
			);
			runOnlyForDeploymentPostprocessing = 0;
		};
		0978BECA1EB393110023AC66 /* Resources */ = {
			isa = PBXResourcesBuildPhase;
			buildActionMask = 2147483647;
			files = (
				67C530141F3383E200D3B5FD /* RulesViewController.xib in Resources */,
				676B80C91F4323DF00D2C88F /* SettingsViewController.xib in Resources */,
				67C530201F338A9400D3B5FD /* EditRuleViewController.xib in Resources */,
			);
			runOnlyForDeploymentPostprocessing = 0;
		};
/* End PBXResourcesBuildPhase section */

/* Begin PBXShellScriptBuildPhase section */
		1C27E10F1B47F5150283B284 /* [CP] Check Pods Manifest.lock */ = {
			isa = PBXShellScriptBuildPhase;
			buildActionMask = 2147483647;
			files = (
			);
			inputPaths = (
				"${PODS_PODFILE_DIR_PATH}/Podfile.lock",
				"${PODS_ROOT}/Manifest.lock",
			);
			name = "[CP] Check Pods Manifest.lock";
			outputPaths = (
				"$(DERIVED_FILE_DIR)/Pods-MenuNav-checkManifestLockResult.txt",
			);
			runOnlyForDeploymentPostprocessing = 0;
			shellPath = /bin/sh;
			shellScript = "diff \"${PODS_PODFILE_DIR_PATH}/Podfile.lock\" \"${PODS_ROOT}/Manifest.lock\" > /dev/null\nif [ $? != 0 ] ; then\n    # print error to STDERR\n    echo \"error: The sandbox is not in sync with the Podfile.lock. Run 'pod install' or update your CocoaPods installation.\" >&2\n    exit 1\nfi\n# This output is used by Xcode 'outputs' to avoid re-running this script phase.\necho \"SUCCESS\" > \"${SCRIPT_OUTPUT_FILE_0}\"\n";
			showEnvVarsInLog = 0;
		};
		676EBA361F71BFA900913347 /* Run Swift Lint */ = {
			isa = PBXShellScriptBuildPhase;
			buildActionMask = 2147483647;
			files = (
			);
			inputPaths = (
			);
			name = "Run Swift Lint";
			outputPaths = (
			);
			runOnlyForDeploymentPostprocessing = 0;
			shellPath = /bin/sh;
			shellScript = "if which swiftlint >/dev/null; then\nswiftlint\nelse\necho \"warning: SwiftLint not installed, download from https://github.com/realm/SwiftLint\"\nfi";
		};
		676EBA371F71BFFB00913347 /* Run Swift Lint */ = {
			isa = PBXShellScriptBuildPhase;
			buildActionMask = 2147483647;
			files = (
			);
			inputPaths = (
			);
			name = "Run Swift Lint";
			outputPaths = (
			);
			runOnlyForDeploymentPostprocessing = 0;
			shellPath = /bin/sh;
			shellScript = "if which swiftlint >/dev/null; then\nswiftlint\nelse\necho \"warning: SwiftLint not installed, download from https://github.com/realm/SwiftLint\"\nfi";
		};
		73D32AE5914B6D8274919F26 /* [CP] Check Pods Manifest.lock */ = {
			isa = PBXShellScriptBuildPhase;
			buildActionMask = 2147483647;
			files = (
			);
			inputPaths = (
				"${PODS_PODFILE_DIR_PATH}/Podfile.lock",
				"${PODS_ROOT}/Manifest.lock",
			);
			name = "[CP] Check Pods Manifest.lock";
			outputPaths = (
				"$(DERIVED_FILE_DIR)/Pods-MenuNavTests-checkManifestLockResult.txt",
			);
			runOnlyForDeploymentPostprocessing = 0;
			shellPath = /bin/sh;
			shellScript = "diff \"${PODS_PODFILE_DIR_PATH}/Podfile.lock\" \"${PODS_ROOT}/Manifest.lock\" > /dev/null\nif [ $? != 0 ] ; then\n    # print error to STDERR\n    echo \"error: The sandbox is not in sync with the Podfile.lock. Run 'pod install' or update your CocoaPods installation.\" >&2\n    exit 1\nfi\n# This output is used by Xcode 'outputs' to avoid re-running this script phase.\necho \"SUCCESS\" > \"${SCRIPT_OUTPUT_FILE_0}\"\n";
			showEnvVarsInLog = 0;
		};
		88B1C77EE9CF57AA8BB79086 /* [CP] Embed Pods Frameworks */ = {
			isa = PBXShellScriptBuildPhase;
			buildActionMask = 2147483647;
			files = (
			);
			inputPaths = (
			);
			name = "[CP] Embed Pods Frameworks";
			outputPaths = (
			);
			runOnlyForDeploymentPostprocessing = 0;
			shellPath = /bin/sh;
			shellScript = "\"${SRCROOT}/Pods/Target Support Files/Pods-MenuNavTests/Pods-MenuNavTests-frameworks.sh\"\n";
			showEnvVarsInLog = 0;
		};
		C2C6068E52F759506F68F29F /* [CP] Embed Pods Frameworks */ = {
			isa = PBXShellScriptBuildPhase;
			buildActionMask = 2147483647;
			files = (
			);
			inputPaths = (
				"${SRCROOT}/Pods/Target Support Files/Pods-MenuNav/Pods-MenuNav-frameworks.sh",
				"${BUILT_PRODUCTS_DIR}/AttributedStringBuilder/AttributedStringBuilder.framework",
				"${BUILT_PRODUCTS_DIR}/IYLoginItem/IYLoginItem.framework",
				"${BUILT_PRODUCTS_DIR}/SBAutoLayout/SBAutoLayout.framework",
				"${BUILT_PRODUCTS_DIR}/SBSwiftUtils/SBSwiftUtils.framework",
			);
			name = "[CP] Embed Pods Frameworks";
			outputPaths = (
				"${TARGET_BUILD_DIR}/${FRAMEWORKS_FOLDER_PATH}/AttributedStringBuilder.framework",
				"${TARGET_BUILD_DIR}/${FRAMEWORKS_FOLDER_PATH}/IYLoginItem.framework",
				"${TARGET_BUILD_DIR}/${FRAMEWORKS_FOLDER_PATH}/SBAutoLayout.framework",
				"${TARGET_BUILD_DIR}/${FRAMEWORKS_FOLDER_PATH}/SBSwiftUtils.framework",
			);
			runOnlyForDeploymentPostprocessing = 0;
			shellPath = /bin/sh;
			shellScript = "\"${SRCROOT}/Pods/Target Support Files/Pods-MenuNav/Pods-MenuNav-frameworks.sh\"\n";
			showEnvVarsInLog = 0;
		};
		DFAEE66167022AAC64307EEC /* [CP] Copy Pods Resources */ = {
			isa = PBXShellScriptBuildPhase;
			buildActionMask = 2147483647;
			files = (
			);
			inputPaths = (
			);
			name = "[CP] Copy Pods Resources";
			outputPaths = (
			);
			runOnlyForDeploymentPostprocessing = 0;
			shellPath = /bin/sh;
			shellScript = "\"${SRCROOT}/Pods/Target Support Files/Pods-MenuNav/Pods-MenuNav-resources.sh\"\n";
			showEnvVarsInLog = 0;
		};
		F45146C88229AF50139AD86F /* [CP] Copy Pods Resources */ = {
			isa = PBXShellScriptBuildPhase;
			buildActionMask = 2147483647;
			files = (
			);
			inputPaths = (
			);
			name = "[CP] Copy Pods Resources";
			outputPaths = (
			);
			runOnlyForDeploymentPostprocessing = 0;
			shellPath = /bin/sh;
			shellScript = "\"${SRCROOT}/Pods/Target Support Files/Pods-MenuNavTests/Pods-MenuNavTests-resources.sh\"\n";
			showEnvVarsInLog = 0;
		};
/* End PBXShellScriptBuildPhase section */

/* Begin PBXSourcesBuildPhase section */
		0978BEB71EB393110023AC66 /* Sources */ = {
			isa = PBXSourcesBuildPhase;
			buildActionMask = 2147483647;
			files = (
				67C530251F339D1700D3B5FD /* ConditionEditorView.swift in Sources */,
				67FAAAD61EB79ADE00224C24 /* FileRule.swift in Sources */,
				6724C1951F8429CB003E40D1 /* FIleConditionFormatter.swift in Sources */,
				6793709E1F27B890003E6A9A /* Array+Extensions.swift in Sources */,
				6748CE201F3D0670002941D4 /* DecisionTree.swift in Sources */,
				0978BEC11EB393110023AC66 /* ViewController.swift in Sources */,
				671941EA1F63FE46003AB65A /* Colors.swift in Sources */,
				6724F5051F5699F500BFF4B5 /* PathConditionInputView.swift in Sources */,
				6748CE161F3CC083002941D4 /* PathMatcher.swift in Sources */,
				671942031F6495F6003AB65A /* RebuildManager.swift in Sources */,
				67A02E1E1EB4F21D00D2A8CA /* Settings.swift in Sources */,
				6724C1921F801F3B003E40D1 /* RichTextAttributes.swift in Sources */,
				67C5301D1F338A9400D3B5FD /* EditRuleViewController.swift in Sources */,
				67B4361A1EB3DCDB003E5886 /* FileStructureBuilder.swift in Sources */,
				67A02E191EB4001A00D2A8CA /* NSImage+Extensions.swift in Sources */,
				674F95181F27A07C000A5A4E /* FileSystemObject.swift in Sources */,
				679900B31F67275700B9AC45 /* Timer.swift in Sources */,
				6719420B1F656DE4003AB65A /* UserPreferences.swift in Sources */,
				6748CE231F3D9EB9002941D4 /* FileCondition.swift in Sources */,
				67AE4A731F30FD2C00E9D1FE /* FolderRule.swift in Sources */,
				67C530111F3383E200D3B5FD /* RulesViewController.swift in Sources */,
				6748CE0D1F3BAB4D002941D4 /* FolderConditionFormatter.swift in Sources */,
				671941E71F63FB14003AB65A /* NSView+Extensions.swift in Sources */,
				67B77EFF1F3A0E9A000830EF /* ConditionPromptView.swift in Sources */,
				671942001F6492B1003AB65A /* MenuBarManager.swift in Sources */,
				0978BEBF1EB393110023AC66 /* AppDelegate.swift in Sources */,
				67F5F1711F2A3DB700483F57 /* StringRepresentable.swift in Sources */,
				6748CE0A1F3B9E29002941D4 /* RuleCollectionViewItem.swift in Sources */,
				67B77F011F3A0F46000830EF /* NSTextField+Extensions.swift in Sources */,
				6748CE261F3D9FAB002941D4 /* FolderCondition.swift in Sources */,
				671942061F649A37003AB65A /* WeakArray.swift in Sources */,
				6748CE2A1F3DBCC4002941D4 /* RulesViewModel.swift in Sources */,
				676B80C61F4323DF00D2C88F /* SettingsViewController.swift in Sources */,
				679370971F27A999003E6A9A /* DictionaryRepresentable.swift in Sources */,
				6748CE1C1F3CCC0C002941D4 /* Rule.swift in Sources */,
				6748CE191F3CC135002941D4 /* FolderContentsMatcher.swift in Sources */,
				6748CE131F3CBFFE002941D4 /* StringMatcher.swift in Sources */,
			);
			runOnlyForDeploymentPostprocessing = 0;
		};
		0978BEC81EB393110023AC66 /* Sources */ = {
			isa = PBXSourcesBuildPhase;
			buildActionMask = 2147483647;
			files = (
				6748CE461F3DE8B4002941D4 /* FolderConditionTests.swift in Sources */,
				6745B19B1F843B36001F8C78 /* DictionaryKeyValueStore.swift in Sources */,
				671942111F6593D9003AB65A /* RebuildManagerTests.swift in Sources */,
				6748CE381F3DC990002941D4 /* DictionaryRepresentable+Testing.swift in Sources */,
				6748CE441F3DE7F9002941D4 /* FolderRuleTests.swift in Sources */,
				6748CE351F3DC79C002941D4 /* PathMatcherTests.swift in Sources */,
				67AE4A711F2CE3BA00E9D1FE /* FileStructureBuilderTests.swift in Sources */,
				6719420F1F657E9B003AB65A /* SettingsTests.swift in Sources */,
				6748CE411F3DE1A3002941D4 /* FileConditionTests.swift in Sources */,
				67AE4A661F2CD53400E9D1FE /* FileRuleTests.swift in Sources */,
				671942091F649D10003AB65A /* WeakArrayTests.swift in Sources */,
				67C403801F84BEDE0098A05F /* FileConditionFormatterTests.swift in Sources */,
				6745B1991F843B32001F8C78 /* RuleLoaderTests.swift in Sources */,
				6748CE3F1F3DDDDA002941D4 /* TestDirectoryBuilder.swift in Sources */,
				6748CE321F3DC34E002941D4 /* StringMatcherTests.swift in Sources */,
				6745B19A1F843B34001F8C78 /* MockTimerBenign.swift in Sources */,
				6748CE3C1F3DCAC7002941D4 /* FolderContentsMatcherTests.swift in Sources */,
			);
			runOnlyForDeploymentPostprocessing = 0;
		};
/* End PBXSourcesBuildPhase section */

/* Begin PBXTargetDependency section */
		0978BECE1EB393110023AC66 /* PBXTargetDependency */ = {
			isa = PBXTargetDependency;
			target = 0978BEBA1EB393110023AC66 /* MenuNav */;
			targetProxy = 0978BECD1EB393110023AC66 /* PBXContainerItemProxy */;
		};
/* End PBXTargetDependency section */

/* Begin PBXVariantGroup section */
		0978BEC41EB393110023AC66 /* Main.storyboard */ = {
			isa = PBXVariantGroup;
			children = (
				0978BEC51EB393110023AC66 /* Base */,
			);
			name = Main.storyboard;
			sourceTree = "<group>";
		};
/* End PBXVariantGroup section */

/* Begin XCBuildConfiguration section */
		0978BED31EB393110023AC66 /* Debug */ = {
			isa = XCBuildConfiguration;
			buildSettings = {
				ALWAYS_SEARCH_USER_PATHS = NO;
				CLANG_ANALYZER_NONNULL = YES;
				CLANG_ANALYZER_NUMBER_OBJECT_CONVERSION = YES_AGGRESSIVE;
				CLANG_CXX_LANGUAGE_STANDARD = "gnu++0x";
				CLANG_CXX_LIBRARY = "libc++";
				CLANG_ENABLE_MODULES = YES;
				CLANG_ENABLE_OBJC_ARC = YES;
				CLANG_WARN_BLOCK_CAPTURE_AUTORELEASING = YES;
				CLANG_WARN_BOOL_CONVERSION = YES;
				CLANG_WARN_COMMA = YES;
				CLANG_WARN_CONSTANT_CONVERSION = YES;
				CLANG_WARN_DIRECT_OBJC_ISA_USAGE = YES_ERROR;
				CLANG_WARN_DOCUMENTATION_COMMENTS = YES;
				CLANG_WARN_EMPTY_BODY = YES;
				CLANG_WARN_ENUM_CONVERSION = YES;
				CLANG_WARN_INFINITE_RECURSION = YES;
				CLANG_WARN_INT_CONVERSION = YES;
				CLANG_WARN_NON_LITERAL_NULL_CONVERSION = YES;
				CLANG_WARN_OBJC_LITERAL_CONVERSION = YES;
				CLANG_WARN_OBJC_ROOT_CLASS = YES_ERROR;
				CLANG_WARN_RANGE_LOOP_ANALYSIS = YES;
				CLANG_WARN_STRICT_PROTOTYPES = YES;
				CLANG_WARN_SUSPICIOUS_MOVE = YES;
				CLANG_WARN_UNREACHABLE_CODE = YES;
				CLANG_WARN__DUPLICATE_METHOD_MATCH = YES;
				CODE_SIGN_IDENTITY = "-";
				COPY_PHASE_STRIP = NO;
				DEBUG_INFORMATION_FORMAT = dwarf;
				ENABLE_STRICT_OBJC_MSGSEND = YES;
				ENABLE_TESTABILITY = YES;
				GCC_C_LANGUAGE_STANDARD = gnu99;
				GCC_DYNAMIC_NO_PIC = NO;
				GCC_NO_COMMON_BLOCKS = YES;
				GCC_OPTIMIZATION_LEVEL = 0;
				GCC_PREPROCESSOR_DEFINITIONS = (
					"DEBUG=1",
					"$(inherited)",
				);
				GCC_WARN_64_TO_32_BIT_CONVERSION = YES;
				GCC_WARN_ABOUT_RETURN_TYPE = YES_ERROR;
				GCC_WARN_UNDECLARED_SELECTOR = YES;
				GCC_WARN_UNINITIALIZED_AUTOS = YES_AGGRESSIVE;
				GCC_WARN_UNUSED_FUNCTION = YES;
				GCC_WARN_UNUSED_VARIABLE = YES;
				MACOSX_DEPLOYMENT_TARGET = 10.12;
				MTL_ENABLE_DEBUG_INFO = YES;
				ONLY_ACTIVE_ARCH = YES;
				SDKROOT = macosx;
				SWIFT_ACTIVE_COMPILATION_CONDITIONS = DEBUG;
				SWIFT_OPTIMIZATION_LEVEL = "-Onone";
			};
			name = Debug;
		};
		0978BED41EB393110023AC66 /* Release */ = {
			isa = XCBuildConfiguration;
			buildSettings = {
				ALWAYS_SEARCH_USER_PATHS = NO;
				CLANG_ANALYZER_NONNULL = YES;
				CLANG_ANALYZER_NUMBER_OBJECT_CONVERSION = YES_AGGRESSIVE;
				CLANG_CXX_LANGUAGE_STANDARD = "gnu++0x";
				CLANG_CXX_LIBRARY = "libc++";
				CLANG_ENABLE_MODULES = YES;
				CLANG_ENABLE_OBJC_ARC = YES;
				CLANG_WARN_BLOCK_CAPTURE_AUTORELEASING = YES;
				CLANG_WARN_BOOL_CONVERSION = YES;
				CLANG_WARN_COMMA = YES;
				CLANG_WARN_CONSTANT_CONVERSION = YES;
				CLANG_WARN_DIRECT_OBJC_ISA_USAGE = YES_ERROR;
				CLANG_WARN_DOCUMENTATION_COMMENTS = YES;
				CLANG_WARN_EMPTY_BODY = YES;
				CLANG_WARN_ENUM_CONVERSION = YES;
				CLANG_WARN_INFINITE_RECURSION = YES;
				CLANG_WARN_INT_CONVERSION = YES;
				CLANG_WARN_NON_LITERAL_NULL_CONVERSION = YES;
				CLANG_WARN_OBJC_LITERAL_CONVERSION = YES;
				CLANG_WARN_OBJC_ROOT_CLASS = YES_ERROR;
				CLANG_WARN_RANGE_LOOP_ANALYSIS = YES;
				CLANG_WARN_STRICT_PROTOTYPES = YES;
				CLANG_WARN_SUSPICIOUS_MOVE = YES;
				CLANG_WARN_UNREACHABLE_CODE = YES;
				CLANG_WARN__DUPLICATE_METHOD_MATCH = YES;
				CODE_SIGN_IDENTITY = "-";
				COPY_PHASE_STRIP = NO;
				DEBUG_INFORMATION_FORMAT = "dwarf-with-dsym";
				ENABLE_NS_ASSERTIONS = NO;
				ENABLE_STRICT_OBJC_MSGSEND = YES;
				GCC_C_LANGUAGE_STANDARD = gnu99;
				GCC_NO_COMMON_BLOCKS = YES;
				GCC_WARN_64_TO_32_BIT_CONVERSION = YES;
				GCC_WARN_ABOUT_RETURN_TYPE = YES_ERROR;
				GCC_WARN_UNDECLARED_SELECTOR = YES;
				GCC_WARN_UNINITIALIZED_AUTOS = YES_AGGRESSIVE;
				GCC_WARN_UNUSED_FUNCTION = YES;
				GCC_WARN_UNUSED_VARIABLE = YES;
				MACOSX_DEPLOYMENT_TARGET = 10.12;
				MTL_ENABLE_DEBUG_INFO = NO;
				SDKROOT = macosx;
				SWIFT_OPTIMIZATION_LEVEL = "-Owholemodule";
			};
			name = Release;
		};
		0978BED61EB393110023AC66 /* Debug */ = {
			isa = XCBuildConfiguration;
			baseConfigurationReference = 4E11CAD15A51A6877066995D /* Pods-MenuNav.debug.xcconfig */;
			buildSettings = {
				ASSETCATALOG_COMPILER_APPICON_NAME = AppIcon;
				COMBINE_HIDPI_IMAGES = YES;
				DEVELOPMENT_TEAM = X7HC96WDW9;
				INFOPLIST_FILE = MenuNav/Info.plist;
				LD_RUNPATH_SEARCH_PATHS = "$(inherited) @executable_path/../Frameworks";
				PRODUCT_BUNDLE_IDENTIFIER = com.stevebarnegren.MenuNav;
				PRODUCT_NAME = "$(TARGET_NAME)";
				SWIFT_SWIFT3_OBJC_INFERENCE = Off;
				SWIFT_VERSION = 4.0;
			};
			name = Debug;
		};
		0978BED71EB393110023AC66 /* Release */ = {
			isa = XCBuildConfiguration;
			baseConfigurationReference = AB12359BFC8B335D00E0DEAC /* Pods-MenuNav.release.xcconfig */;
			buildSettings = {
				ASSETCATALOG_COMPILER_APPICON_NAME = AppIcon;
				COMBINE_HIDPI_IMAGES = YES;
				DEVELOPMENT_TEAM = X7HC96WDW9;
				INFOPLIST_FILE = MenuNav/Info.plist;
				LD_RUNPATH_SEARCH_PATHS = "$(inherited) @executable_path/../Frameworks";
				PRODUCT_BUNDLE_IDENTIFIER = com.stevebarnegren.MenuNav;
				PRODUCT_NAME = "$(TARGET_NAME)";
				SWIFT_OPTIMIZATION_LEVEL = "-Onone";
				SWIFT_SWIFT3_OBJC_INFERENCE = Off;
				SWIFT_VERSION = 4.0;
			};
			name = Release;
		};
		0978BED91EB393110023AC66 /* Debug */ = {
			isa = XCBuildConfiguration;
			baseConfigurationReference = B81A077AF79BAA7A75A6EA01 /* Pods-MenuNavTests.debug.xcconfig */;
			buildSettings = {
				ALWAYS_EMBED_SWIFT_STANDARD_LIBRARIES = YES;
				BUNDLE_LOADER = "$(TEST_HOST)";
				COMBINE_HIDPI_IMAGES = YES;
				DEVELOPMENT_TEAM = X7HC96WDW9;
				INFOPLIST_FILE = MenuNavTests/Info.plist;
				LD_RUNPATH_SEARCH_PATHS = "$(inherited) @executable_path/../Frameworks @loader_path/../Frameworks";
				PRODUCT_BUNDLE_IDENTIFIER = com.stevebarnegren.MenuNavTests;
				PRODUCT_NAME = "$(TARGET_NAME)";
				SWIFT_SWIFT3_OBJC_INFERENCE = Off;
				SWIFT_VERSION = 4.0;
				TEST_HOST = "$(BUILT_PRODUCTS_DIR)/MenuNav.app/Contents/MacOS/MenuNav";
			};
			name = Debug;
		};
		0978BEDA1EB393110023AC66 /* Release */ = {
			isa = XCBuildConfiguration;
			baseConfigurationReference = 3E2CB3F412642EAF9E03D2F4 /* Pods-MenuNavTests.release.xcconfig */;
			buildSettings = {
				ALWAYS_EMBED_SWIFT_STANDARD_LIBRARIES = YES;
				BUNDLE_LOADER = "$(TEST_HOST)";
				COMBINE_HIDPI_IMAGES = YES;
				DEVELOPMENT_TEAM = X7HC96WDW9;
				INFOPLIST_FILE = MenuNavTests/Info.plist;
				LD_RUNPATH_SEARCH_PATHS = "$(inherited) @executable_path/../Frameworks @loader_path/../Frameworks";
				PRODUCT_BUNDLE_IDENTIFIER = com.stevebarnegren.MenuNavTests;
				PRODUCT_NAME = "$(TARGET_NAME)";
				SWIFT_SWIFT3_OBJC_INFERENCE = Off;
				SWIFT_VERSION = 4.0;
				TEST_HOST = "$(BUILT_PRODUCTS_DIR)/MenuNav.app/Contents/MacOS/MenuNav";
			};
			name = Release;
		};
/* End XCBuildConfiguration section */

/* Begin XCConfigurationList section */
		0978BEB61EB393110023AC66 /* Build configuration list for PBXProject "MenuNav" */ = {
			isa = XCConfigurationList;
			buildConfigurations = (
				0978BED31EB393110023AC66 /* Debug */,
				0978BED41EB393110023AC66 /* Release */,
			);
			defaultConfigurationIsVisible = 0;
			defaultConfigurationName = Release;
		};
		0978BED51EB393110023AC66 /* Build configuration list for PBXNativeTarget "MenuNav" */ = {
			isa = XCConfigurationList;
			buildConfigurations = (
				0978BED61EB393110023AC66 /* Debug */,
				0978BED71EB393110023AC66 /* Release */,
			);
			defaultConfigurationIsVisible = 0;
			defaultConfigurationName = Release;
		};
		0978BED81EB393110023AC66 /* Build configuration list for PBXNativeTarget "MenuNavTests" */ = {
			isa = XCConfigurationList;
			buildConfigurations = (
				0978BED91EB393110023AC66 /* Debug */,
				0978BEDA1EB393110023AC66 /* Release */,
			);
			defaultConfigurationIsVisible = 0;
			defaultConfigurationName = Release;
		};
/* End XCConfigurationList section */
	};
	rootObject = 0978BEB31EB393110023AC66 /* Project object */;
}
