// !$*UTF8*$!
{
	archiveVersion = 1;
	classes = {
	};
	objectVersion = 46;
	objects = {

/* Begin PBXBuildFile section */
		0978BEBF1EB393110023AC66 /* AppDelegate.swift in Sources */ = {isa = PBXBuildFile; fileRef = 0978BEBE1EB393110023AC66 /* AppDelegate.swift */; };
		0978BEC11EB393110023AC66 /* ViewController.swift in Sources */ = {isa = PBXBuildFile; fileRef = 0978BEC01EB393110023AC66 /* ViewController.swift */; };
		0978BEC31EB393110023AC66 /* Assets.xcassets in Resources */ = {isa = PBXBuildFile; fileRef = 0978BEC21EB393110023AC66 /* Assets.xcassets */; };
		0978BEC61EB393110023AC66 /* Main.storyboard in Resources */ = {isa = PBXBuildFile; fileRef = 0978BEC41EB393110023AC66 /* Main.storyboard */; };
		0978BED11EB393110023AC66 /* MenuNavTests.swift in Sources */ = {isa = PBXBuildFile; fileRef = 0978BED01EB393110023AC66 /* MenuNavTests.swift */; };
		29FFD854BC8674F6F2B2DC7F /* Pods_MenuNavTests.framework in Frameworks */ = {isa = PBXBuildFile; fileRef = 480C88363C8F497977E2ABE1 /* Pods_MenuNavTests.framework */; };
		674F95181F27A07C000A5A4E /* FileSystemObject.swift in Sources */ = {isa = PBXBuildFile; fileRef = 674F95171F27A07C000A5A4E /* FileSystemObject.swift */; };
		679370971F27A999003E6A9A /* DictionaryRepresentable.swift in Sources */ = {isa = PBXBuildFile; fileRef = 679370961F27A999003E6A9A /* DictionaryRepresentable.swift */; };
		679370981F27A999003E6A9A /* DictionaryRepresentable.swift in Sources */ = {isa = PBXBuildFile; fileRef = 679370961F27A999003E6A9A /* DictionaryRepresentable.swift */; };
		6793709E1F27B890003E6A9A /* Array+Extensions.swift in Sources */ = {isa = PBXBuildFile; fileRef = 6793709D1F27B890003E6A9A /* Array+Extensions.swift */; };
		6793709F1F27B890003E6A9A /* Array+Extensions.swift in Sources */ = {isa = PBXBuildFile; fileRef = 6793709D1F27B890003E6A9A /* Array+Extensions.swift */; };
		67A02E191EB4001A00D2A8CA /* NSImage+Extensions.swift in Sources */ = {isa = PBXBuildFile; fileRef = 67A02E181EB4001A00D2A8CA /* NSImage+Extensions.swift */; };
		67A02E1B1EB4079B00D2A8CA /* App.storyboard in Resources */ = {isa = PBXBuildFile; fileRef = 67A02E1A1EB4079B00D2A8CA /* App.storyboard */; };
		67A02E1E1EB4F21D00D2A8CA /* Settings.swift in Sources */ = {isa = PBXBuildFile; fileRef = 67A02E1D1EB4F21D00D2A8CA /* Settings.swift */; };
		67A02E1F1EB4F21D00D2A8CA /* Settings.swift in Sources */ = {isa = PBXBuildFile; fileRef = 67A02E1D1EB4F21D00D2A8CA /* Settings.swift */; };
		67B4361A1EB3DCDB003E5886 /* FileStructureBuilder.swift in Sources */ = {isa = PBXBuildFile; fileRef = 67B436191EB3DCDB003E5886 /* FileStructureBuilder.swift */; };
		67B4361B1EB3DCDB003E5886 /* FileStructureBuilder.swift in Sources */ = {isa = PBXBuildFile; fileRef = 67B436191EB3DCDB003E5886 /* FileStructureBuilder.swift */; };
		67FAAAD41EB77D0800224C24 /* TextInputViewController.swift in Sources */ = {isa = PBXBuildFile; fileRef = 67FAAAD31EB77D0800224C24 /* TextInputViewController.swift */; };
		67FAAAD61EB79ADE00224C24 /* FileRule.swift in Sources */ = {isa = PBXBuildFile; fileRef = 67FAAAD51EB79ADE00224C24 /* FileRule.swift */; };
		EDCEB08F82E917D13DEF915D /* Pods_MenuNav.framework in Frameworks */ = {isa = PBXBuildFile; fileRef = 3D1F7D33AD80C55EA1FDA055 /* Pods_MenuNav.framework */; };
/* End PBXBuildFile section */

/* Begin PBXContainerItemProxy section */
		0978BECD1EB393110023AC66 /* PBXContainerItemProxy */ = {
			isa = PBXContainerItemProxy;
			containerPortal = 0978BEB31EB393110023AC66 /* Project object */;
			proxyType = 1;
			remoteGlobalIDString = 0978BEBA1EB393110023AC66;
			remoteInfo = MenuNav;
		};
/* End PBXContainerItemProxy section */

/* Begin PBXFileReference section */
		0978BEBB1EB393110023AC66 /* MenuNav.app */ = {isa = PBXFileReference; explicitFileType = wrapper.application; includeInIndex = 0; path = MenuNav.app; sourceTree = BUILT_PRODUCTS_DIR; };
		0978BEBE1EB393110023AC66 /* AppDelegate.swift */ = {isa = PBXFileReference; lastKnownFileType = sourcecode.swift; path = AppDelegate.swift; sourceTree = "<group>"; };
		0978BEC01EB393110023AC66 /* ViewController.swift */ = {isa = PBXFileReference; lastKnownFileType = sourcecode.swift; path = ViewController.swift; sourceTree = "<group>"; };
		0978BEC21EB393110023AC66 /* Assets.xcassets */ = {isa = PBXFileReference; lastKnownFileType = folder.assetcatalog; path = Assets.xcassets; sourceTree = "<group>"; };
		0978BEC51EB393110023AC66 /* Base */ = {isa = PBXFileReference; lastKnownFileType = file.storyboard; name = Base; path = Base.lproj/Main.storyboard; sourceTree = "<group>"; };
		0978BEC71EB393110023AC66 /* Info.plist */ = {isa = PBXFileReference; lastKnownFileType = text.plist.xml; path = Info.plist; sourceTree = "<group>"; };
		0978BECC1EB393110023AC66 /* MenuNavTests.xctest */ = {isa = PBXFileReference; explicitFileType = wrapper.cfbundle; includeInIndex = 0; path = MenuNavTests.xctest; sourceTree = BUILT_PRODUCTS_DIR; };
		0978BED01EB393110023AC66 /* MenuNavTests.swift */ = {isa = PBXFileReference; lastKnownFileType = sourcecode.swift; path = MenuNavTests.swift; sourceTree = "<group>"; };
		0978BED21EB393110023AC66 /* Info.plist */ = {isa = PBXFileReference; lastKnownFileType = text.plist.xml; path = Info.plist; sourceTree = "<group>"; };
		3D1F7D33AD80C55EA1FDA055 /* Pods_MenuNav.framework */ = {isa = PBXFileReference; explicitFileType = wrapper.framework; includeInIndex = 0; path = Pods_MenuNav.framework; sourceTree = BUILT_PRODUCTS_DIR; };
		3E2CB3F412642EAF9E03D2F4 /* Pods-MenuNavTests.release.xcconfig */ = {isa = PBXFileReference; includeInIndex = 1; lastKnownFileType = text.xcconfig; name = "Pods-MenuNavTests.release.xcconfig"; path = "Pods/Target Support Files/Pods-MenuNavTests/Pods-MenuNavTests.release.xcconfig"; sourceTree = "<group>"; };
		480C88363C8F497977E2ABE1 /* Pods_MenuNavTests.framework */ = {isa = PBXFileReference; explicitFileType = wrapper.framework; includeInIndex = 0; path = Pods_MenuNavTests.framework; sourceTree = BUILT_PRODUCTS_DIR; };
		4E11CAD15A51A6877066995D /* Pods-MenuNav.debug.xcconfig */ = {isa = PBXFileReference; includeInIndex = 1; lastKnownFileType = text.xcconfig; name = "Pods-MenuNav.debug.xcconfig"; path = "Pods/Target Support Files/Pods-MenuNav/Pods-MenuNav.debug.xcconfig"; sourceTree = "<group>"; };
		674F95171F27A07C000A5A4E /* FileSystemObject.swift */ = {isa = PBXFileReference; fileEncoding = 4; lastKnownFileType = sourcecode.swift; path = FileSystemObject.swift; sourceTree = "<group>"; };
		679370961F27A999003E6A9A /* DictionaryRepresentable.swift */ = {isa = PBXFileReference; fileEncoding = 4; lastKnownFileType = sourcecode.swift; path = DictionaryRepresentable.swift; sourceTree = "<group>"; };
		6793709D1F27B890003E6A9A /* Array+Extensions.swift */ = {isa = PBXFileReference; fileEncoding = 4; lastKnownFileType = sourcecode.swift; path = "Array+Extensions.swift"; sourceTree = "<group>"; };
		67A02E181EB4001A00D2A8CA /* NSImage+Extensions.swift */ = {isa = PBXFileReference; fileEncoding = 4; lastKnownFileType = sourcecode.swift; path = "NSImage+Extensions.swift"; sourceTree = "<group>"; };
		67A02E1A1EB4079B00D2A8CA /* App.storyboard */ = {isa = PBXFileReference; fileEncoding = 4; lastKnownFileType = file.storyboard; path = App.storyboard; sourceTree = "<group>"; };
		67A02E1D1EB4F21D00D2A8CA /* Settings.swift */ = {isa = PBXFileReference; fileEncoding = 4; lastKnownFileType = sourcecode.swift; path = Settings.swift; sourceTree = "<group>"; };
		67B436191EB3DCDB003E5886 /* FileStructureBuilder.swift */ = {isa = PBXFileReference; fileEncoding = 4; lastKnownFileType = sourcecode.swift; path = FileStructureBuilder.swift; sourceTree = "<group>"; };
		67FAAAD31EB77D0800224C24 /* TextInputViewController.swift */ = {isa = PBXFileReference; fileEncoding = 4; lastKnownFileType = sourcecode.swift; path = TextInputViewController.swift; sourceTree = "<group>"; };
		67FAAAD51EB79ADE00224C24 /* FileRule.swift */ = {isa = PBXFileReference; fileEncoding = 4; lastKnownFileType = sourcecode.swift; path = FileRule.swift; sourceTree = "<group>"; };
		AB12359BFC8B335D00E0DEAC /* Pods-MenuNav.release.xcconfig */ = {isa = PBXFileReference; includeInIndex = 1; lastKnownFileType = text.xcconfig; name = "Pods-MenuNav.release.xcconfig"; path = "Pods/Target Support Files/Pods-MenuNav/Pods-MenuNav.release.xcconfig"; sourceTree = "<group>"; };
		B81A077AF79BAA7A75A6EA01 /* Pods-MenuNavTests.debug.xcconfig */ = {isa = PBXFileReference; includeInIndex = 1; lastKnownFileType = text.xcconfig; name = "Pods-MenuNavTests.debug.xcconfig"; path = "Pods/Target Support Files/Pods-MenuNavTests/Pods-MenuNavTests.debug.xcconfig"; sourceTree = "<group>"; };
/* End PBXFileReference section */

/* Begin PBXFrameworksBuildPhase section */
		0978BEB81EB393110023AC66 /* Frameworks */ = {
			isa = PBXFrameworksBuildPhase;
			buildActionMask = 2147483647;
			files = (
				EDCEB08F82E917D13DEF915D /* Pods_MenuNav.framework in Frameworks */,
			);
			runOnlyForDeploymentPostprocessing = 0;
		};
		0978BEC91EB393110023AC66 /* Frameworks */ = {
			isa = PBXFrameworksBuildPhase;
			buildActionMask = 2147483647;
			files = (
				29FFD854BC8674F6F2B2DC7F /* Pods_MenuNavTests.framework in Frameworks */,
			);
			runOnlyForDeploymentPostprocessing = 0;
		};
/* End PBXFrameworksBuildPhase section */

/* Begin PBXGroup section */
		0978BEB21EB393110023AC66 = {
			isa = PBXGroup;
			children = (
				0978BEBD1EB393110023AC66 /* MenuNav */,
				0978BECF1EB393110023AC66 /* MenuNavTests */,
				0978BEBC1EB393110023AC66 /* Products */,
				D075667EEC942CB0D78B84E8 /* Pods */,
				5F0A09564D9A7EDC6AED66FA /* Frameworks */,
			);
			sourceTree = "<group>";
		};
		0978BEBC1EB393110023AC66 /* Products */ = {
			isa = PBXGroup;
			children = (
				0978BEBB1EB393110023AC66 /* MenuNav.app */,
				0978BECC1EB393110023AC66 /* MenuNavTests.xctest */,
			);
			name = Products;
			sourceTree = "<group>";
		};
		0978BEBD1EB393110023AC66 /* MenuNav */ = {
			isa = PBXGroup;
			children = (
				0978BEBE1EB393110023AC66 /* AppDelegate.swift */,
				679370951F27A93B003E6A9A /* Protocols */,
				67B4361C1EB3E88C003E5886 /* Utils */,
				67A02E1C1EB4F1FB00D2A8CA /* Settings */,
				67B436181EB3DC9F003E5886 /* FileSystem */,
				67FAAAD21EB724CD00224C24 /* AppPanel */,
				0978BEC21EB393110023AC66 /* Assets.xcassets */,
				0978BEC41EB393110023AC66 /* Main.storyboard */,
				0978BEC71EB393110023AC66 /* Info.plist */,
			);
			path = MenuNav;
			sourceTree = "<group>";
		};
		0978BECF1EB393110023AC66 /* MenuNavTests */ = {
			isa = PBXGroup;
			children = (
				0978BED01EB393110023AC66 /* MenuNavTests.swift */,
				0978BED21EB393110023AC66 /* Info.plist */,
			);
			path = MenuNavTests;
			sourceTree = "<group>";
		};
		5F0A09564D9A7EDC6AED66FA /* Frameworks */ = {
			isa = PBXGroup;
			children = (
				3D1F7D33AD80C55EA1FDA055 /* Pods_MenuNav.framework */,
				480C88363C8F497977E2ABE1 /* Pods_MenuNavTests.framework */,
			);
			name = Frameworks;
			sourceTree = "<group>";
		};
		679370951F27A93B003E6A9A /* Protocols */ = {
			isa = PBXGroup;
			children = (
				679370961F27A999003E6A9A /* DictionaryRepresentable.swift */,
			);
			name = Protocols;
			path = MenuNav/Protocols;
			sourceTree = SOURCE_ROOT;
		};
		67A02E1C1EB4F1FB00D2A8CA /* Settings */ = {
			isa = PBXGroup;
			children = (
				67A02E1D1EB4F21D00D2A8CA /* Settings.swift */,
			);
			name = Settings;
			sourceTree = "<group>";
		};
		67B436181EB3DC9F003E5886 /* FileSystem */ = {
			isa = PBXGroup;
			children = (
				67FAAAD51EB79ADE00224C24 /* FileRule.swift */,
				674F95171F27A07C000A5A4E /* FileSystemObject.swift */,
				67B436191EB3DCDB003E5886 /* FileStructureBuilder.swift */,
			);
			name = FileSystem;
			sourceTree = "<group>";
		};
		67B4361C1EB3E88C003E5886 /* Utils */ = {
			isa = PBXGroup;
			children = (
				6793709D1F27B890003E6A9A /* Array+Extensions.swift */,
				67A02E181EB4001A00D2A8CA /* NSImage+Extensions.swift */,
			);
			name = Utils;
			sourceTree = "<group>";
		};
		67FAAAD21EB724CD00224C24 /* AppPanel */ = {
			isa = PBXGroup;
			children = (
				67A02E1A1EB4079B00D2A8CA /* App.storyboard */,
				0978BEC01EB393110023AC66 /* ViewController.swift */,
				67FAAAD31EB77D0800224C24 /* TextInputViewController.swift */,
			);
			name = AppPanel;
			sourceTree = "<group>";
		};
		D075667EEC942CB0D78B84E8 /* Pods */ = {
			isa = PBXGroup;
			children = (
				4E11CAD15A51A6877066995D /* Pods-MenuNav.debug.xcconfig */,
				AB12359BFC8B335D00E0DEAC /* Pods-MenuNav.release.xcconfig */,
				B81A077AF79BAA7A75A6EA01 /* Pods-MenuNavTests.debug.xcconfig */,
				3E2CB3F412642EAF9E03D2F4 /* Pods-MenuNavTests.release.xcconfig */,
			);
			name = Pods;
			sourceTree = "<group>";
		};
/* End PBXGroup section */

/* Begin PBXNativeTarget section */
		0978BEBA1EB393110023AC66 /* MenuNav */ = {
			isa = PBXNativeTarget;
			buildConfigurationList = 0978BED51EB393110023AC66 /* Build configuration list for PBXNativeTarget "MenuNav" */;
			buildPhases = (
				1C27E10F1B47F5150283B284 /* [CP] Check Pods Manifest.lock */,
				0978BEB71EB393110023AC66 /* Sources */,
				0978BEB81EB393110023AC66 /* Frameworks */,
				0978BEB91EB393110023AC66 /* Resources */,
				C2C6068E52F759506F68F29F /* [CP] Embed Pods Frameworks */,
				DFAEE66167022AAC64307EEC /* [CP] Copy Pods Resources */,
			);
			buildRules = (
			);
			dependencies = (
			);
			name = MenuNav;
			productName = MenuNav;
			productReference = 0978BEBB1EB393110023AC66 /* MenuNav.app */;
			productType = "com.apple.product-type.application";
		};
		0978BECB1EB393110023AC66 /* MenuNavTests */ = {
			isa = PBXNativeTarget;
			buildConfigurationList = 0978BED81EB393110023AC66 /* Build configuration list for PBXNativeTarget "MenuNavTests" */;
			buildPhases = (
				73D32AE5914B6D8274919F26 /* [CP] Check Pods Manifest.lock */,
				0978BEC81EB393110023AC66 /* Sources */,
				0978BEC91EB393110023AC66 /* Frameworks */,
				0978BECA1EB393110023AC66 /* Resources */,
				88B1C77EE9CF57AA8BB79086 /* [CP] Embed Pods Frameworks */,
				F45146C88229AF50139AD86F /* [CP] Copy Pods Resources */,
			);
			buildRules = (
			);
			dependencies = (
				0978BECE1EB393110023AC66 /* PBXTargetDependency */,
			);
			name = MenuNavTests;
			productName = MenuNavTests;
			productReference = 0978BECC1EB393110023AC66 /* MenuNavTests.xctest */;
			productType = "com.apple.product-type.bundle.unit-test";
		};
/* End PBXNativeTarget section */

/* Begin PBXProject section */
		0978BEB31EB393110023AC66 /* Project object */ = {
			isa = PBXProject;
			attributes = {
				LastSwiftUpdateCheck = 0830;
				LastUpgradeCheck = 0830;
				ORGANIZATIONNAME = SteveBarnegren;
				TargetAttributes = {
					0978BEBA1EB393110023AC66 = {
						CreatedOnToolsVersion = 8.3;
						DevelopmentTeam = X7HC96WDW9;
						ProvisioningStyle = Automatic;
					};
					0978BECB1EB393110023AC66 = {
						CreatedOnToolsVersion = 8.3;
						DevelopmentTeam = X7HC96WDW9;
						ProvisioningStyle = Automatic;
						TestTargetID = 0978BEBA1EB393110023AC66;
					};
				};
			};
			buildConfigurationList = 0978BEB61EB393110023AC66 /* Build configuration list for PBXProject "MenuNav" */;
			compatibilityVersion = "Xcode 3.2";
			developmentRegion = English;
			hasScannedForEncodings = 0;
			knownRegions = (
				en,
				Base,
			);
			mainGroup = 0978BEB21EB393110023AC66;
			productRefGroup = 0978BEBC1EB393110023AC66 /* Products */;
			projectDirPath = "";
			projectRoot = "";
			targets = (
				0978BEBA1EB393110023AC66 /* MenuNav */,
				0978BECB1EB393110023AC66 /* MenuNavTests */,
			);
		};
/* End PBXProject section */

/* Begin PBXResourcesBuildPhase section */
		0978BEB91EB393110023AC66 /* Resources */ = {
			isa = PBXResourcesBuildPhase;
			buildActionMask = 2147483647;
			files = (
				0978BEC31EB393110023AC66 /* Assets.xcassets in Resources */,
				0978BEC61EB393110023AC66 /* Main.storyboard in Resources */,
				67A02E1B1EB4079B00D2A8CA /* App.storyboard in Resources */,
			);
			runOnlyForDeploymentPostprocessing = 0;
		};
		0978BECA1EB393110023AC66 /* Resources */ = {
			isa = PBXResourcesBuildPhase;
			buildActionMask = 2147483647;
			files = (
			);
			runOnlyForDeploymentPostprocessing = 0;
		};
/* End PBXResourcesBuildPhase section */

/* Begin PBXShellScriptBuildPhase section */
		1C27E10F1B47F5150283B284 /* [CP] Check Pods Manifest.lock */ = {
			isa = PBXShellScriptBuildPhase;
			buildActionMask = 2147483647;
			files = (
			);
			inputPaths = (
			);
			name = "[CP] Check Pods Manifest.lock";
			outputPaths = (
			);
			runOnlyForDeploymentPostprocessing = 0;
			shellPath = /bin/sh;
			shellScript = "diff \"${PODS_PODFILE_DIR_PATH}/Podfile.lock\" \"${PODS_ROOT}/Manifest.lock\" > /dev/null\nif [ $? != 0 ] ; then\n    # print error to STDERR\n    echo \"error: The sandbox is not in sync with the Podfile.lock. Run 'pod install' or update your CocoaPods installation.\" >&2\n    exit 1\nfi\n";
			showEnvVarsInLog = 0;
		};
		73D32AE5914B6D8274919F26 /* [CP] Check Pods Manifest.lock */ = {
			isa = PBXShellScriptBuildPhase;
			buildActionMask = 2147483647;
			files = (
			);
			inputPaths = (
			);
			name = "[CP] Check Pods Manifest.lock";
			outputPaths = (
			);
			runOnlyForDeploymentPostprocessing = 0;
			shellPath = /bin/sh;
			shellScript = "diff \"${PODS_PODFILE_DIR_PATH}/Podfile.lock\" \"${PODS_ROOT}/Manifest.lock\" > /dev/null\nif [ $? != 0 ] ; then\n    # print error to STDERR\n    echo \"error: The sandbox is not in sync with the Podfile.lock. Run 'pod install' or update your CocoaPods installation.\" >&2\n    exit 1\nfi\n";
			showEnvVarsInLog = 0;
		};
		88B1C77EE9CF57AA8BB79086 /* [CP] Embed Pods Frameworks */ = {
			isa = PBXShellScriptBuildPhase;
			buildActionMask = 2147483647;
			files = (
			);
			inputPaths = (
			);
			name = "[CP] Embed Pods Frameworks";
			outputPaths = (
			);
			runOnlyForDeploymentPostprocessing = 0;
			shellPath = /bin/sh;
			shellScript = "\"${SRCROOT}/Pods/Target Support Files/Pods-MenuNavTests/Pods-MenuNavTests-frameworks.sh\"\n";
			showEnvVarsInLog = 0;
		};
		C2C6068E52F759506F68F29F /* [CP] Embed Pods Frameworks */ = {
			isa = PBXShellScriptBuildPhase;
			buildActionMask = 2147483647;
			files = (
			);
			inputPaths = (
			);
			name = "[CP] Embed Pods Frameworks";
			outputPaths = (
			);
			runOnlyForDeploymentPostprocessing = 0;
			shellPath = /bin/sh;
			shellScript = "\"${SRCROOT}/Pods/Target Support Files/Pods-MenuNav/Pods-MenuNav-frameworks.sh\"\n";
			showEnvVarsInLog = 0;
		};
		DFAEE66167022AAC64307EEC /* [CP] Copy Pods Resources */ = {
			isa = PBXShellScriptBuildPhase;
			buildActionMask = 2147483647;
			files = (
			);
			inputPaths = (
			);
			name = "[CP] Copy Pods Resources";
			outputPaths = (
			);
			runOnlyForDeploymentPostprocessing = 0;
			shellPath = /bin/sh;
			shellScript = "\"${SRCROOT}/Pods/Target Support Files/Pods-MenuNav/Pods-MenuNav-resources.sh\"\n";
			showEnvVarsInLog = 0;
		};
		F45146C88229AF50139AD86F /* [CP] Copy Pods Resources */ = {
			isa = PBXShellScriptBuildPhase;
			buildActionMask = 2147483647;
			files = (
			);
			inputPaths = (
			);
			name = "[CP] Copy Pods Resources";
			outputPaths = (
			);
			runOnlyForDeploymentPostprocessing = 0;
			shellPath = /bin/sh;
			shellScript = "\"${SRCROOT}/Pods/Target Support Files/Pods-MenuNavTests/Pods-MenuNavTests-resources.sh\"\n";
			showEnvVarsInLog = 0;
		};
/* End PBXShellScriptBuildPhase section */

/* Begin PBXSourcesBuildPhase section */
		0978BEB71EB393110023AC66 /* Sources */ = {
			isa = PBXSourcesBuildPhase;
			buildActionMask = 2147483647;
			files = (
				67FAAAD61EB79ADE00224C24 /* FileRule.swift in Sources */,
				6793709E1F27B890003E6A9A /* Array+Extensions.swift in Sources */,
				0978BEC11EB393110023AC66 /* ViewController.swift in Sources */,
				67A02E1E1EB4F21D00D2A8CA /* Settings.swift in Sources */,
				67B4361A1EB3DCDB003E5886 /* FileStructureBuilder.swift in Sources */,
				67A02E191EB4001A00D2A8CA /* NSImage+Extensions.swift in Sources */,
				674F95181F27A07C000A5A4E /* FileSystemObject.swift in Sources */,
				67FAAAD41EB77D0800224C24 /* TextInputViewController.swift in Sources */,
				0978BEBF1EB393110023AC66 /* AppDelegate.swift in Sources */,
				679370971F27A999003E6A9A /* DictionaryRepresentable.swift in Sources */,
			);
			runOnlyForDeploymentPostprocessing = 0;
		};
		0978BEC81EB393110023AC66 /* Sources */ = {
			isa = PBXSourcesBuildPhase;
			buildActionMask = 2147483647;
			files = (
				67B4361B1EB3DCDB003E5886 /* FileStructureBuilder.swift in Sources */,
				6793709F1F27B890003E6A9A /* Array+Extensions.swift in Sources */,
				67A02E1F1EB4F21D00D2A8CA /* Settings.swift in Sources */,
				679370981F27A999003E6A9A /* DictionaryRepresentable.swift in Sources */,
				0978BED11EB393110023AC66 /* MenuNavTests.swift in Sources */,
			);
			runOnlyForDeploymentPostprocessing = 0;
		};
/* End PBXSourcesBuildPhase section */

/* Begin PBXTargetDependency section */
		0978BECE1EB393110023AC66 /* PBXTargetDependency */ = {
			isa = PBXTargetDependency;
			target = 0978BEBA1EB393110023AC66 /* MenuNav */;
			targetProxy = 0978BECD1EB393110023AC66 /* PBXContainerItemProxy */;
		};
/* End PBXTargetDependency section */

/* Begin PBXVariantGroup section */
		0978BEC41EB393110023AC66 /* Main.storyboard */ = {
			isa = PBXVariantGroup;
			children = (
				0978BEC51EB393110023AC66 /* Base */,
			);
			name = Main.storyboard;
			sourceTree = "<group>";
		};
/* End PBXVariantGroup section */

/* Begin XCBuildConfiguration section */
		0978BED31EB393110023AC66 /* Debug */ = {
			isa = XCBuildConfiguration;
			buildSettings = {
				ALWAYS_SEARCH_USER_PATHS = NO;
				CLANG_ANALYZER_NONNULL = YES;
				CLANG_ANALYZER_NUMBER_OBJECT_CONVERSION = YES_AGGRESSIVE;
				CLANG_CXX_LANGUAGE_STANDARD = "gnu++0x";
				CLANG_CXX_LIBRARY = "libc++";
				CLANG_ENABLE_MODULES = YES;
				CLANG_ENABLE_OBJC_ARC = YES;
				CLANG_WARN_BOOL_CONVERSION = YES;
				CLANG_WARN_CONSTANT_CONVERSION = YES;
				CLANG_WARN_DIRECT_OBJC_ISA_USAGE = YES_ERROR;
				CLANG_WARN_DOCUMENTATION_COMMENTS = YES;
				CLANG_WARN_EMPTY_BODY = YES;
				CLANG_WARN_ENUM_CONVERSION = YES;
				CLANG_WARN_INFINITE_RECURSION = YES;
				CLANG_WARN_INT_CONVERSION = YES;
				CLANG_WARN_OBJC_ROOT_CLASS = YES_ERROR;
				CLANG_WARN_SUSPICIOUS_MOVE = YES;
				CLANG_WARN_UNREACHABLE_CODE = YES;
				CLANG_WARN__DUPLICATE_METHOD_MATCH = YES;
				CODE_SIGN_IDENTITY = "-";
				COPY_PHASE_STRIP = NO;
				DEBUG_INFORMATION_FORMAT = dwarf;
				ENABLE_STRICT_OBJC_MSGSEND = YES;
				ENABLE_TESTABILITY = YES;
				GCC_C_LANGUAGE_STANDARD = gnu99;
				GCC_DYNAMIC_NO_PIC = NO;
				GCC_NO_COMMON_BLOCKS = YES;
				GCC_OPTIMIZATION_LEVEL = 0;
				GCC_PREPROCESSOR_DEFINITIONS = (
					"DEBUG=1",
					"$(inherited)",
				);
				GCC_WARN_64_TO_32_BIT_CONVERSION = YES;
				GCC_WARN_ABOUT_RETURN_TYPE = YES_ERROR;
				GCC_WARN_UNDECLARED_SELECTOR = YES;
				GCC_WARN_UNINITIALIZED_AUTOS = YES_AGGRESSIVE;
				GCC_WARN_UNUSED_FUNCTION = YES;
				GCC_WARN_UNUSED_VARIABLE = YES;
				MACOSX_DEPLOYMENT_TARGET = 10.12;
				MTL_ENABLE_DEBUG_INFO = YES;
				ONLY_ACTIVE_ARCH = YES;
				SDKROOT = macosx;
				SWIFT_ACTIVE_COMPILATION_CONDITIONS = DEBUG;
				SWIFT_OPTIMIZATION_LEVEL = "-Onone";
			};
			name = Debug;
		};
		0978BED41EB393110023AC66 /* Release */ = {
			isa = XCBuildConfiguration;
			buildSettings = {
				ALWAYS_SEARCH_USER_PATHS = NO;
				CLANG_ANALYZER_NONNULL = YES;
				CLANG_ANALYZER_NUMBER_OBJECT_CONVERSION = YES_AGGRESSIVE;
				CLANG_CXX_LANGUAGE_STANDARD = "gnu++0x";
				CLANG_CXX_LIBRARY = "libc++";
				CLANG_ENABLE_MODULES = YES;
				CLANG_ENABLE_OBJC_ARC = YES;
				CLANG_WARN_BOOL_CONVERSION = YES;
				CLANG_WARN_CONSTANT_CONVERSION = YES;
				CLANG_WARN_DIRECT_OBJC_ISA_USAGE = YES_ERROR;
				CLANG_WARN_DOCUMENTATION_COMMENTS = YES;
				CLANG_WARN_EMPTY_BODY = YES;
				CLANG_WARN_ENUM_CONVERSION = YES;
				CLANG_WARN_INFINITE_RECURSION = YES;
				CLANG_WARN_INT_CONVERSION = YES;
				CLANG_WARN_OBJC_ROOT_CLASS = YES_ERROR;
				CLANG_WARN_SUSPICIOUS_MOVE = YES;
				CLANG_WARN_UNREACHABLE_CODE = YES;
				CLANG_WARN__DUPLICATE_METHOD_MATCH = YES;
				CODE_SIGN_IDENTITY = "-";
				COPY_PHASE_STRIP = NO;
				DEBUG_INFORMATION_FORMAT = "dwarf-with-dsym";
				ENABLE_NS_ASSERTIONS = NO;
				ENABLE_STRICT_OBJC_MSGSEND = YES;
				GCC_C_LANGUAGE_STANDARD = gnu99;
				GCC_NO_COMMON_BLOCKS = YES;
				GCC_WARN_64_TO_32_BIT_CONVERSION = YES;
				GCC_WARN_ABOUT_RETURN_TYPE = YES_ERROR;
				GCC_WARN_UNDECLARED_SELECTOR = YES;
				GCC_WARN_UNINITIALIZED_AUTOS = YES_AGGRESSIVE;
				GCC_WARN_UNUSED_FUNCTION = YES;
				GCC_WARN_UNUSED_VARIABLE = YES;
				MACOSX_DEPLOYMENT_TARGET = 10.12;
				MTL_ENABLE_DEBUG_INFO = NO;
				SDKROOT = macosx;
				SWIFT_OPTIMIZATION_LEVEL = "-Owholemodule";
			};
			name = Release;
		};
		0978BED61EB393110023AC66 /* Debug */ = {
			isa = XCBuildConfiguration;
			baseConfigurationReference = 4E11CAD15A51A6877066995D /* Pods-MenuNav.debug.xcconfig */;
			buildSettings = {
				ASSETCATALOG_COMPILER_APPICON_NAME = AppIcon;
				COMBINE_HIDPI_IMAGES = YES;
				DEVELOPMENT_TEAM = X7HC96WDW9;
				INFOPLIST_FILE = MenuNav/Info.plist;
				LD_RUNPATH_SEARCH_PATHS = "$(inherited) @executable_path/../Frameworks";
				PRODUCT_BUNDLE_IDENTIFIER = com.stevebarnegren.MenuNav;
				PRODUCT_NAME = "$(TARGET_NAME)";
				SWIFT_VERSION = 3.0;
			};
			name = Debug;
		};
		0978BED71EB393110023AC66 /* Release */ = {
			isa = XCBuildConfiguration;
			baseConfigurationReference = AB12359BFC8B335D00E0DEAC /* Pods-MenuNav.release.xcconfig */;
			buildSettings = {
				ASSETCATALOG_COMPILER_APPICON_NAME = AppIcon;
				COMBINE_HIDPI_IMAGES = YES;
				DEVELOPMENT_TEAM = X7HC96WDW9;
				INFOPLIST_FILE = MenuNav/Info.plist;
				LD_RUNPATH_SEARCH_PATHS = "$(inherited) @executable_path/../Frameworks";
				PRODUCT_BUNDLE_IDENTIFIER = com.stevebarnegren.MenuNav;
				PRODUCT_NAME = "$(TARGET_NAME)";
				SWIFT_VERSION = 3.0;
			};
			name = Release;
		};
		0978BED91EB393110023AC66 /* Debug */ = {
			isa = XCBuildConfiguration;
			baseConfigurationReference = B81A077AF79BAA7A75A6EA01 /* Pods-MenuNavTests.debug.xcconfig */;
			buildSettings = {
				ALWAYS_EMBED_SWIFT_STANDARD_LIBRARIES = YES;
				BUNDLE_LOADER = "$(TEST_HOST)";
				COMBINE_HIDPI_IMAGES = YES;
				DEVELOPMENT_TEAM = X7HC96WDW9;
				INFOPLIST_FILE = MenuNavTests/Info.plist;
				LD_RUNPATH_SEARCH_PATHS = "$(inherited) @executable_path/../Frameworks @loader_path/../Frameworks";
				PRODUCT_BUNDLE_IDENTIFIER = com.stevebarnegren.MenuNavTests;
				PRODUCT_NAME = "$(TARGET_NAME)";
				SWIFT_VERSION = 3.0;
				TEST_HOST = "$(BUILT_PRODUCTS_DIR)/MenuNav.app/Contents/MacOS/MenuNav";
			};
			name = Debug;
		};
		0978BEDA1EB393110023AC66 /* Release */ = {
			isa = XCBuildConfiguration;
			baseConfigurationReference = 3E2CB3F412642EAF9E03D2F4 /* Pods-MenuNavTests.release.xcconfig */;
			buildSettings = {
				ALWAYS_EMBED_SWIFT_STANDARD_LIBRARIES = YES;
				BUNDLE_LOADER = "$(TEST_HOST)";
				COMBINE_HIDPI_IMAGES = YES;
				DEVELOPMENT_TEAM = X7HC96WDW9;
				INFOPLIST_FILE = MenuNavTests/Info.plist;
				LD_RUNPATH_SEARCH_PATHS = "$(inherited) @executable_path/../Frameworks @loader_path/../Frameworks";
				PRODUCT_BUNDLE_IDENTIFIER = com.stevebarnegren.MenuNavTests;
				PRODUCT_NAME = "$(TARGET_NAME)";
				SWIFT_VERSION = 3.0;
				TEST_HOST = "$(BUILT_PRODUCTS_DIR)/MenuNav.app/Contents/MacOS/MenuNav";
			};
			name = Release;
		};
/* End XCBuildConfiguration section */

/* Begin XCConfigurationList section */
		0978BEB61EB393110023AC66 /* Build configuration list for PBXProject "MenuNav" */ = {
			isa = XCConfigurationList;
			buildConfigurations = (
				0978BED31EB393110023AC66 /* Debug */,
				0978BED41EB393110023AC66 /* Release */,
			);
			defaultConfigurationIsVisible = 0;
			defaultConfigurationName = Release;
		};
		0978BED51EB393110023AC66 /* Build configuration list for PBXNativeTarget "MenuNav" */ = {
			isa = XCConfigurationList;
			buildConfigurations = (
				0978BED61EB393110023AC66 /* Debug */,
				0978BED71EB393110023AC66 /* Release */,
			);
			defaultConfigurationIsVisible = 0;
			defaultConfigurationName = Release;
		};
		0978BED81EB393110023AC66 /* Build configuration list for PBXNativeTarget "MenuNavTests" */ = {
			isa = XCConfigurationList;
			buildConfigurations = (
				0978BED91EB393110023AC66 /* Debug */,
				0978BEDA1EB393110023AC66 /* Release */,
			);
			defaultConfigurationIsVisible = 0;
			defaultConfigurationName = Release;
		};
/* End XCConfigurationList section */
	};
	rootObject = 0978BEB31EB393110023AC66 /* Project object */;
}
